Microsoft Visual Studio Solution File, Format Version 7.00
#
# $Id: VC7WorkspaceCreator.pm 1145 2007-02-26 17:31:52Z elliott_c $
#
# This file was generated by MPC.  Any changes made directly to
# this file will be lost the next time it is generated.
#
# MPC Command:
# /tao_builds/chad/ocitao/ACE_wrappers/build/linux/bin/mwc.pl -include config -type vc7
Project("{8BC9CEB8-8B4A-11D0-8D11-00A0C91BC942}") = "build_exe", "build\build_exe.vcproj", "{7A0E7D94-FECA-1BAD-3FA6-8A66C8786370}"
EndProject
Project("{8BC9CEB8-8B4A-11D0-8D11-00A0C91BC942}") = "build_lib", "build\build_lib.vcproj", "{0A0E7D95-FECA-1BAD-3FA6-8A66C8786370}"
EndProject
Global
	GlobalSection(SolutionConfiguration) = preSolution
		ConfigName.0 = Debug
		ConfigName.1 = Release
	EndGlobalSection
	GlobalSection(ProjectDependencies) = postSolution
		{0A0E7D95-FECA-1BAD-3FA6-8A66C8786370}.0 = {7A0E7D94-FECA-1BAD-3FA6-8A66C8786370}
	EndGlobalSection
	GlobalSection(ProjectConfiguration) = postSolution
		{7A0E7D94-FECA-1BAD-3FA6-8A66C8786370}.Debug.ActiveCfg = Debug|Win32
		{7A0E7D94-FECA-1BAD-3FA6-8A66C8786370}.Debug.Build.0 = Debug|Win32
		{7A0E7D94-FECA-1BAD-3FA6-8A66C8786370}.Release.ActiveCfg = Release|Win32
		{7A0E7D94-FECA-1BAD-3FA6-8A66C8786370}.Release.Build.0 = Release|Win32
		{0A0E7D95-FECA-1BAD-3FA6-8A66C8786370}.Debug.ActiveCfg = Debug|Win32
		{0A0E7D95-FECA-1BAD-3FA6-8A66C8786370}.Debug.Build.0 = Debug|Win32
		{0A0E7D95-FECA-1BAD-3FA6-8A66C8786370}.Release.ActiveCfg = Release|Win32
		{0A0E7D95-FECA-1BAD-3FA6-8A66C8786370}.Release.Build.0 = Release|Win32
	EndGlobalSection
	GlobalSection(ExtensibilityGlobals) = postSolution
	EndGlobalSection
	GlobalSection(ExtensibilityAddIns) = postSolution
	EndGlobalSection
EndGlobal
