
Microsoft Visual Studio Solution File, Format Version 9.00
# Visual Studio 2005
# $Id$
#
# This file was generated by MPC.  Any changes made directly to
# this file will be lost the next time it is generated.
#
# MPC Command:
# /tao_builds/chad/ocitao/ACE_wrappers/build/linux/bin/mwc.pl -include config -type vc8 aggregated.mwc
Project("{8BC9CEB8-8B4A-11D0-8D11-00A0C91BC942}") = "foo", "dir1\dir2\foo.vcproj", "{D9047293-FECA-1BAD-609D-8A633A5090B2}"
EndProject
Project("{8BC9CEB8-8B4A-11D0-8D11-00A0C91BC942}") = "dir4", "dir1\dir4\dir4.vcproj", "{6904769B-FECA-1BAD-2E16-8A653A5090B4}"
EndProject
Project("{8BC9CEB8-8B4A-11D0-8D11-00A0C91BC942}") = "dir5", "dir1\dir5\dir5.vcproj", "{7904769B-FECA-1BAD-2E17-8A653A5090B5}"
EndProject
Project("{8BC9CEB8-8B4A-11D0-8D11-00A0C91BC942}") = "another", "dir2\another.vcproj", "{0F0C7698-FECA-1BAD-2E20-8D6B96E60888}"
EndProject
Global
	GlobalSection(SolutionConfigurationPlatforms) = preSolution
		Debug|Win32 = Debug|Win32
		Debug|x64 = Debug|x64
		Release|Win32 = Release|Win32
		Release|x64 = Release|x64
	EndGlobalSection
	GlobalSection(ProjectConfigurationPlatforms) = postSolution
		{D9047293-FECA-1BAD-609D-8A633A5090B2}.Debug|Win32.ActiveCfg = Debug|Win32
		{D9047293-FECA-1BAD-609D-8A633A5090B2}.Debug|Win32.Build.0 = Debug|Win32
		{D9047293-FECA-1BAD-609D-8A633A5090B2}.Debug|x64.ActiveCfg = Debug|x64
		{D9047293-FECA-1BAD-609D-8A633A5090B2}.Debug|x64.Build.0 = Debug|x64
		{D9047293-FECA-1BAD-609D-8A633A5090B2}.Release|Win32.ActiveCfg = Release|Win32
		{D9047293-FECA-1BAD-609D-8A633A5090B2}.Release|Win32.Build.0 = Release|Win32
		{D9047293-FECA-1BAD-609D-8A633A5090B2}.Release|x64.ActiveCfg = Release|x64
		{D9047293-FECA-1BAD-609D-8A633A5090B2}.Release|x64.Build.0 = Release|x64
		{6904769B-FECA-1BAD-2E16-8A653A5090B4}.Debug|Win32.ActiveCfg = Debug|Win32
		{6904769B-FECA-1BAD-2E16-8A653A5090B4}.Debug|Win32.Build.0 = Debug|Win32
		{6904769B-FECA-1BAD-2E16-8A653A5090B4}.Debug|x64.ActiveCfg = Debug|x64
		{6904769B-FECA-1BAD-2E16-8A653A5090B4}.Debug|x64.Build.0 = Debug|x64
		{6904769B-FECA-1BAD-2E16-8A653A5090B4}.Release|Win32.ActiveCfg = Release|Win32
		{6904769B-FECA-1BAD-2E16-8A653A5090B4}.Release|Win32.Build.0 = Release|Win32
		{6904769B-FECA-1BAD-2E16-8A653A5090B4}.Release|x64.ActiveCfg = Release|x64
		{6904769B-FECA-1BAD-2E16-8A653A5090B4}.Release|x64.Build.0 = Release|x64
		{7904769B-FECA-1BAD-2E17-8A653A5090B5}.Debug|Win32.ActiveCfg = Debug|Win32
		{7904769B-FECA-1BAD-2E17-8A653A5090B5}.Debug|Win32.Build.0 = Debug|Win32
		{7904769B-FECA-1BAD-2E17-8A653A5090B5}.Debug|x64.ActiveCfg = Debug|x64
		{7904769B-FECA-1BAD-2E17-8A653A5090B5}.Debug|x64.Build.0 = Debug|x64
		{7904769B-FECA-1BAD-2E17-8A653A5090B5}.Release|Win32.ActiveCfg = Release|Win32
		{7904769B-FECA-1BAD-2E17-8A653A5090B5}.Release|Win32.Build.0 = Release|Win32
		{7904769B-FECA-1BAD-2E17-8A653A5090B5}.Release|x64.ActiveCfg = Release|x64
		{7904769B-FECA-1BAD-2E17-8A653A5090B5}.Release|x64.Build.0 = Release|x64
		{0F0C7698-FECA-1BAD-2E20-8D6B96E60888}.Debug|Win32.ActiveCfg = Debug|Win32
		{0F0C7698-FECA-1BAD-2E20-8D6B96E60888}.Debug|Win32.Build.0 = Debug|Win32
		{0F0C7698-FECA-1BAD-2E20-8D6B96E60888}.Debug|x64.ActiveCfg = Debug|x64
		{0F0C7698-FECA-1BAD-2E20-8D6B96E60888}.Debug|x64.Build.0 = Debug|x64
		{0F0C7698-FECA-1BAD-2E20-8D6B96E60888}.Release|Win32.ActiveCfg = Release|Win32
		{0F0C7698-FECA-1BAD-2E20-8D6B96E60888}.Release|Win32.Build.0 = Release|Win32
		{0F0C7698-FECA-1BAD-2E20-8D6B96E60888}.Release|x64.ActiveCfg = Release|x64
		{0F0C7698-FECA-1BAD-2E20-8D6B96E60888}.Release|x64.Build.0 = Release|x64
	EndGlobalSection
	GlobalSection(SolutionProperties) = preSolution
		HideSolutionNode = FALSE
	EndGlobalSection
EndGlobal
