
Microsoft Visual Studio Solution File, Format Version 11.00
# Visual Studio 2010
# $Id$
#
# This file was generated by MPC.  Any changes made directly to
# this file will be lost the next time it is generated.
#
# MPC Command:
# /tao_builds/mitza/MPC/mwc.pl -include config -type vc10
Project("{8BC9CEB8-8B4A-11D0-8D11-00A0C91BC942}") = "DomainApplicationManager", "DomainApplicationManager\DomainApplicationManager.vcxproj", "{F88EBF71-FECA-1BAD-E9BA-6259E83AE9B8}"
	ProjectSection(ProjectDependencies) = postProject
		{8BEDA278-FECA-1BAD-39B2-911B1B7839B0} = {8BEDA278-FECA-1BAD-39B2-911B1B7839B0}
	EndProjectSection
EndProject
Project("{8BC9CEB8-8B4A-11D0-8D11-00A0C91BC942}") = "NodeApplication", "NodeApplication\NodeApplication.vcxproj", "{F7706F21-FECA-1BAD-39EA-6DA7E7C439E8}"
EndProject
Project("{8BC9CEB8-8B4A-11D0-8D11-00A0C91BC942}") = "RTNA_Configurator", "NodeApplication\RTNA_Configurator.vcxproj", "{EADB6D9C-FECA-1BAD-39EA-6DA7E7C439E8}"
EndProject
Project("{8BC9CEB8-8B4A-11D0-8D11-00A0C91BC942}") = "NodeApplicationManager", "NodeApplicationManager\NodeApplicationManager.vcxproj", "{D5B06475-FECA-1BAD-32BE-4F67C50432BC}"
EndProject
Project("{8BC9CEB8-8B4A-11D0-8D11-00A0C91BC942}") = "Monitor_Monitorlib", "NodeManager\Monitor_Monitorlib.vcxproj", "{10B4633B-FECA-1BAD-E280-C1FB1B7839B0}"
EndProject
Project("{8BC9CEB8-8B4A-11D0-8D11-00A0C91BC942}") = "NodeManager", "NodeManager\NodeManager.vcxproj", "{0BCC6F79-FECA-1BAD-39B2-911B1B7839B0}"
	ProjectSection(ProjectDependencies) = postProject
		{D5B06475-FECA-1BAD-32BE-4F67C50432BC} = {D5B06475-FECA-1BAD-32BE-4F67C50432BC}
		{8BEDA278-FECA-1BAD-39B2-911B1B7839B0} = {8BEDA278-FECA-1BAD-39B2-911B1B7839B0}
		{0439085A-FECA-1BAD-1532-81490B2A1530} = {0439085A-FECA-1BAD-1532-81490B2A1530}
	EndProjectSection
EndProject
Project("{8BC9CEB8-8B4A-11D0-8D11-00A0C91BC942}") = "NodeManager_stub", "NodeManager\NodeManager_stub.vcxproj", "{8BEDA278-FECA-1BAD-39B2-911B1B7839B0}"
EndProject
Project("{8BC9CEB8-8B4A-11D0-8D11-00A0C91BC942}") = "lib", "NodeManager\lib.vcxproj", "{10B43C3B-FECA-1BAD-39B2-911B1B7839B0}"
	ProjectSection(ProjectDependencies) = postProject
		{D5B06475-FECA-1BAD-32BE-4F67C50432BC} = {D5B06475-FECA-1BAD-32BE-4F67C50432BC}
		{8BEDA278-FECA-1BAD-39B2-911B1B7839B0} = {8BEDA278-FECA-1BAD-39B2-911B1B7839B0}
		{0439085A-FECA-1BAD-1532-81490B2A1530} = {0439085A-FECA-1BAD-1532-81490B2A1530}
	EndProjectSection
EndProject
Project("{8BC9CEB8-8B4A-11D0-8D11-00A0C91BC942}") = "CIAO_TargetManager_exec", "TargetManager\CIAO_TargetManager_exec.vcxproj", "{0438655B-FECA-1BAD-1532-81490B2A1530}"
	ProjectSection(ProjectDependencies) = postProject
		{04390BFC-FECA-1BAD-1532-81490B2A1530} = {04390BFC-FECA-1BAD-1532-81490B2A1530}
		{F88EBF71-FECA-1BAD-E9BA-6259E83AE9B8} = {F88EBF71-FECA-1BAD-E9BA-6259E83AE9B8}
	EndProjectSection
EndProject
Project("{8BC9CEB8-8B4A-11D0-8D11-00A0C91BC942}") = "CIAO_TargetManager_stub", "TargetManager\CIAO_TargetManager_stub.vcxproj", "{0439085A-FECA-1BAD-1532-81490B2A1530}"
EndProject
Project("{8BC9CEB8-8B4A-11D0-8D11-00A0C91BC942}") = "CIAO_TargetManager_svnt", "TargetManager\CIAO_TargetManager_svnt.vcxproj", "{04390BFC-FECA-1BAD-1532-81490B2A1530}"
	ProjectSection(ProjectDependencies) = postProject
		{0439085A-FECA-1BAD-1532-81490B2A1530} = {0439085A-FECA-1BAD-1532-81490B2A1530}
	EndProjectSection
EndProject
Project("{8BC9CEB8-8B4A-11D0-8D11-00A0C91BC942}") = "TMClient", "TargetManager\TMClient.vcxproj", "{19EEA558-FECA-1BAD-F3C6-01390B2A1530}"
	ProjectSection(ProjectDependencies) = postProject
		{0439085A-FECA-1BAD-1532-81490B2A1530} = {0439085A-FECA-1BAD-1532-81490B2A1530}
	EndProjectSection
EndProject
Global
	GlobalSection(SolutionConfigurationPlatforms) = preSolution
		Debug|Win32 = Debug|Win32
		Debug|x64 = Debug|x64
		Release|Win32 = Release|Win32
		Release|x64 = Release|x64
	EndGlobalSection
	GlobalSection(ProjectConfigurationPlatforms) = postSolution
		{F88EBF71-FECA-1BAD-E9BA-6259E83AE9B8}.Debug|Win32.ActiveCfg = Debug|Win32
		{F88EBF71-FECA-1BAD-E9BA-6259E83AE9B8}.Debug|Win32.Build.0 = Debug|Win32
		{F88EBF71-FECA-1BAD-E9BA-6259E83AE9B8}.Debug|x64.ActiveCfg = Debug|x64
		{F88EBF71-FECA-1BAD-E9BA-6259E83AE9B8}.Debug|x64.Build.0 = Debug|x64
		{F88EBF71-FECA-1BAD-E9BA-6259E83AE9B8}.Release|Win32.ActiveCfg = Release|Win32
		{F88EBF71-FECA-1BAD-E9BA-6259E83AE9B8}.Release|Win32.Build.0 = Release|Win32
		{F88EBF71-FECA-1BAD-E9BA-6259E83AE9B8}.Release|x64.ActiveCfg = Release|x64
		{F88EBF71-FECA-1BAD-E9BA-6259E83AE9B8}.Release|x64.Build.0 = Release|x64
		{F7706F21-FECA-1BAD-39EA-6DA7E7C439E8}.Debug|Win32.ActiveCfg = Debug|Win32
		{F7706F21-FECA-1BAD-39EA-6DA7E7C439E8}.Debug|Win32.Build.0 = Debug|Win32
		{F7706F21-FECA-1BAD-39EA-6DA7E7C439E8}.Debug|x64.ActiveCfg = Debug|x64
		{F7706F21-FECA-1BAD-39EA-6DA7E7C439E8}.Debug|x64.Build.0 = Debug|x64
		{F7706F21-FECA-1BAD-39EA-6DA7E7C439E8}.Release|Win32.ActiveCfg = Release|Win32
		{F7706F21-FECA-1BAD-39EA-6DA7E7C439E8}.Release|Win32.Build.0 = Release|Win32
		{F7706F21-FECA-1BAD-39EA-6DA7E7C439E8}.Release|x64.ActiveCfg = Release|x64
		{F7706F21-FECA-1BAD-39EA-6DA7E7C439E8}.Release|x64.Build.0 = Release|x64
		{EADB6D9C-FECA-1BAD-39EA-6DA7E7C439E8}.Debug|Win32.ActiveCfg = Debug|Win32
		{EADB6D9C-FECA-1BAD-39EA-6DA7E7C439E8}.Debug|Win32.Build.0 = Debug|Win32
		{EADB6D9C-FECA-1BAD-39EA-6DA7E7C439E8}.Debug|x64.ActiveCfg = Debug|x64
		{EADB6D9C-FECA-1BAD-39EA-6DA7E7C439E8}.Debug|x64.Build.0 = Debug|x64
		{EADB6D9C-FECA-1BAD-39EA-6DA7E7C439E8}.Release|Win32.ActiveCfg = Release|Win32
		{EADB6D9C-FECA-1BAD-39EA-6DA7E7C439E8}.Release|Win32.Build.0 = Release|Win32
		{EADB6D9C-FECA-1BAD-39EA-6DA7E7C439E8}.Release|x64.ActiveCfg = Release|x64
		{EADB6D9C-FECA-1BAD-39EA-6DA7E7C439E8}.Release|x64.Build.0 = Release|x64
		{D5B06475-FECA-1BAD-32BE-4F67C50432BC}.Debug|Win32.ActiveCfg = Debug|Win32
		{D5B06475-FECA-1BAD-32BE-4F67C50432BC}.Debug|Win32.Build.0 = Debug|Win32
		{D5B06475-FECA-1BAD-32BE-4F67C50432BC}.Debug|x64.ActiveCfg = Debug|x64
		{D5B06475-FECA-1BAD-32BE-4F67C50432BC}.Debug|x64.Build.0 = Debug|x64
		{D5B06475-FECA-1BAD-32BE-4F67C50432BC}.Release|Win32.ActiveCfg = Release|Win32
		{D5B06475-FECA-1BAD-32BE-4F67C50432BC}.Release|Win32.Build.0 = Release|Win32
		{D5B06475-FECA-1BAD-32BE-4F67C50432BC}.Release|x64.ActiveCfg = Release|x64
		{D5B06475-FECA-1BAD-32BE-4F67C50432BC}.Release|x64.Build.0 = Release|x64
		{10B4633B-FECA-1BAD-E280-C1FB1B7839B0}.Debug|Win32.ActiveCfg = Debug|Win32
		{10B4633B-FECA-1BAD-E280-C1FB1B7839B0}.Debug|Win32.Build.0 = Debug|Win32
		{10B4633B-FECA-1BAD-E280-C1FB1B7839B0}.Debug|x64.ActiveCfg = Debug|x64
		{10B4633B-FECA-1BAD-E280-C1FB1B7839B0}.Debug|x64.Build.0 = Debug|x64
		{10B4633B-FECA-1BAD-E280-C1FB1B7839B0}.Release|Win32.ActiveCfg = Release|Win32
		{10B4633B-FECA-1BAD-E280-C1FB1B7839B0}.Release|Win32.Build.0 = Release|Win32
		{10B4633B-FECA-1BAD-E280-C1FB1B7839B0}.Release|x64.ActiveCfg = Release|x64
		{10B4633B-FECA-1BAD-E280-C1FB1B7839B0}.Release|x64.Build.0 = Release|x64
		{0BCC6F79-FECA-1BAD-39B2-911B1B7839B0}.Debug|Win32.ActiveCfg = Debug|Win32
		{0BCC6F79-FECA-1BAD-39B2-911B1B7839B0}.Debug|Win32.Build.0 = Debug|Win32
		{0BCC6F79-FECA-1BAD-39B2-911B1B7839B0}.Debug|x64.ActiveCfg = Debug|x64
		{0BCC6F79-FECA-1BAD-39B2-911B1B7839B0}.Debug|x64.Build.0 = Debug|x64
		{0BCC6F79-FECA-1BAD-39B2-911B1B7839B0}.Release|Win32.ActiveCfg = Release|Win32
		{0BCC6F79-FECA-1BAD-39B2-911B1B7839B0}.Release|Win32.Build.0 = Release|Win32
		{0BCC6F79-FECA-1BAD-39B2-911B1B7839B0}.Release|x64.ActiveCfg = Release|x64
		{0BCC6F79-FECA-1BAD-39B2-911B1B7839B0}.Release|x64.Build.0 = Release|x64
		{8BEDA278-FECA-1BAD-39B2-911B1B7839B0}.Debug|Win32.ActiveCfg = Debug|Win32
		{8BEDA278-FECA-1BAD-39B2-911B1B7839B0}.Debug|Win32.Build.0 = Debug|Win32
		{8BEDA278-FECA-1BAD-39B2-911B1B7839B0}.Debug|x64.ActiveCfg = Debug|x64
		{8BEDA278-FECA-1BAD-39B2-911B1B7839B0}.Debug|x64.Build.0 = Debug|x64
		{8BEDA278-FECA-1BAD-39B2-911B1B7839B0}.Release|Win32.ActiveCfg = Release|Win32
		{8BEDA278-FECA-1BAD-39B2-911B1B7839B0}.Release|Win32.Build.0 = Release|Win32
		{8BEDA278-FECA-1BAD-39B2-911B1B7839B0}.Release|x64.ActiveCfg = Release|x64
		{8BEDA278-FECA-1BAD-39B2-911B1B7839B0}.Release|x64.Build.0 = Release|x64
		{10B43C3B-FECA-1BAD-39B2-911B1B7839B0}.Debug|Win32.ActiveCfg = Debug|Win32
		{10B43C3B-FECA-1BAD-39B2-911B1B7839B0}.Debug|Win32.Build.0 = Debug|Win32
		{10B43C3B-FECA-1BAD-39B2-911B1B7839B0}.Debug|x64.ActiveCfg = Debug|x64
		{10B43C3B-FECA-1BAD-39B2-911B1B7839B0}.Debug|x64.Build.0 = Debug|x64
		{10B43C3B-FECA-1BAD-39B2-911B1B7839B0}.Release|Win32.ActiveCfg = Release|Win32
		{10B43C3B-FECA-1BAD-39B2-911B1B7839B0}.Release|Win32.Build.0 = Release|Win32
		{10B43C3B-FECA-1BAD-39B2-911B1B7839B0}.Release|x64.ActiveCfg = Release|x64
		{10B43C3B-FECA-1BAD-39B2-911B1B7839B0}.Release|x64.Build.0 = Release|x64
		{0438655B-FECA-1BAD-1532-81490B2A1530}.Debug|Win32.ActiveCfg = Debug|Win32
		{0438655B-FECA-1BAD-1532-81490B2A1530}.Debug|Win32.Build.0 = Debug|Win32
		{0438655B-FECA-1BAD-1532-81490B2A1530}.Debug|x64.ActiveCfg = Debug|x64
		{0438655B-FECA-1BAD-1532-81490B2A1530}.Debug|x64.Build.0 = Debug|x64
		{0438655B-FECA-1BAD-1532-81490B2A1530}.Release|Win32.ActiveCfg = Release|Win32
		{0438655B-FECA-1BAD-1532-81490B2A1530}.Release|Win32.Build.0 = Release|Win32
		{0438655B-FECA-1BAD-1532-81490B2A1530}.Release|x64.ActiveCfg = Release|x64
		{0438655B-FECA-1BAD-1532-81490B2A1530}.Release|x64.Build.0 = Release|x64
		{0439085A-FECA-1BAD-1532-81490B2A1530}.Debug|Win32.ActiveCfg = Debug|Win32
		{0439085A-FECA-1BAD-1532-81490B2A1530}.Debug|Win32.Build.0 = Debug|Win32
		{0439085A-FECA-1BAD-1532-81490B2A1530}.Debug|x64.ActiveCfg = Debug|x64
		{0439085A-FECA-1BAD-1532-81490B2A1530}.Debug|x64.Build.0 = Debug|x64
		{0439085A-FECA-1BAD-1532-81490B2A1530}.Release|Win32.ActiveCfg = Release|Win32
		{0439085A-FECA-1BAD-1532-81490B2A1530}.Release|Win32.Build.0 = Release|Win32
		{0439085A-FECA-1BAD-1532-81490B2A1530}.Release|x64.ActiveCfg = Release|x64
		{0439085A-FECA-1BAD-1532-81490B2A1530}.Release|x64.Build.0 = Release|x64
		{04390BFC-FECA-1BAD-1532-81490B2A1530}.Debug|Win32.ActiveCfg = Debug|Win32
		{04390BFC-FECA-1BAD-1532-81490B2A1530}.Debug|Win32.Build.0 = Debug|Win32
		{04390BFC-FECA-1BAD-1532-81490B2A1530}.Debug|x64.ActiveCfg = Debug|x64
		{04390BFC-FECA-1BAD-1532-81490B2A1530}.Debug|x64.Build.0 = Debug|x64
		{04390BFC-FECA-1BAD-1532-81490B2A1530}.Release|Win32.ActiveCfg = Release|Win32
		{04390BFC-FECA-1BAD-1532-81490B2A1530}.Release|Win32.Build.0 = Release|Win32
		{04390BFC-FECA-1BAD-1532-81490B2A1530}.Release|x64.ActiveCfg = Release|x64
		{04390BFC-FECA-1BAD-1532-81490B2A1530}.Release|x64.Build.0 = Release|x64
		{19EEA558-FECA-1BAD-F3C6-01390B2A1530}.Debug|Win32.ActiveCfg = Debug|Win32
		{19EEA558-FECA-1BAD-F3C6-01390B2A1530}.Debug|Win32.Build.0 = Debug|Win32
		{19EEA558-FECA-1BAD-F3C6-01390B2A1530}.Debug|x64.ActiveCfg = Debug|x64
		{19EEA558-FECA-1BAD-F3C6-01390B2A1530}.Debug|x64.Build.0 = Debug|x64
		{19EEA558-FECA-1BAD-F3C6-01390B2A1530}.Release|Win32.ActiveCfg = Release|Win32
		{19EEA558-FECA-1BAD-F3C6-01390B2A1530}.Release|Win32.Build.0 = Release|Win32
		{19EEA558-FECA-1BAD-F3C6-01390B2A1530}.Release|x64.ActiveCfg = Release|x64
		{19EEA558-FECA-1BAD-F3C6-01390B2A1530}.Release|x64.Build.0 = Release|x64
	EndGlobalSection
	GlobalSection(SolutionProperties) = preSolution
		HideSolutionNode = FALSE
	EndGlobalSection
EndGlobal
