
Microsoft Visual Studio Solution File, Format Version 11.00
# Visual Studio 2010
# $Id$
#
# This file was generated by MPC.  Any changes made directly to
# this file will be lost the next time it is generated.
#
# MPC Command:
# /tao_builds/mitza/MPC/mwc.pl -include config -type vc10 -type html -relative_file config/relative -gfeature_file config/features template_input.mwc
Project("{8BC9CEB8-8B4A-11D0-8D11-00A0C91BC942}") = "dll", "dll\dll.vcxproj", "{10B43465-FECA-1BAD-62AE-8A63000062AC}"
EndProject
Project("{8BC9CEB8-8B4A-11D0-8D11-00A0C91BC942}") = "dll_exe", "dll_exe\dll_exe.vcxproj", "{721DC42C-FECA-1BAD-92E7-E8CA62A992E5}"
EndProject
Project("{8BC9CEB8-8B4A-11D0-8D11-00A0C91BC942}") = "lib", "lib\lib.vcxproj", "{10B43C3B-FECA-1BAD-6AF0-8A6300006AF2}"
EndProject
Project("{8BC9CEB8-8B4A-11D0-8D11-00A0C91BC942}") = "lib_exe", "lib_exe\lib_exe.vcxproj", "{7A43C42C-FECA-1BAD-92E7-E0946AF792E5}"
EndProject
Global
	GlobalSection(SolutionConfigurationPlatforms) = preSolution
		Debug|Win32 = Debug|Win32
		Debug|x64 = Debug|x64
		Release|Win32 = Release|Win32
		Release|x64 = Release|x64
	EndGlobalSection
	GlobalSection(ProjectConfigurationPlatforms) = postSolution
		{10B43465-FECA-1BAD-62AE-8A63000062AC}.Debug|Win32.ActiveCfg = Debug|Win32
		{10B43465-FECA-1BAD-62AE-8A63000062AC}.Debug|Win32.Build.0 = Debug|Win32
		{10B43465-FECA-1BAD-62AE-8A63000062AC}.Debug|x64.ActiveCfg = Debug|x64
		{10B43465-FECA-1BAD-62AE-8A63000062AC}.Debug|x64.Build.0 = Debug|x64
		{10B43465-FECA-1BAD-62AE-8A63000062AC}.Release|Win32.ActiveCfg = Release|Win32
		{10B43465-FECA-1BAD-62AE-8A63000062AC}.Release|Win32.Build.0 = Release|Win32
		{10B43465-FECA-1BAD-62AE-8A63000062AC}.Release|x64.ActiveCfg = Release|x64
		{10B43465-FECA-1BAD-62AE-8A63000062AC}.Release|x64.Build.0 = Release|x64
		{721DC42C-FECA-1BAD-92E7-E8CA62A992E5}.Debug|Win32.ActiveCfg = Debug|Win32
		{721DC42C-FECA-1BAD-92E7-E8CA62A992E5}.Debug|Win32.Build.0 = Debug|Win32
		{721DC42C-FECA-1BAD-92E7-E8CA62A992E5}.Debug|x64.ActiveCfg = Debug|x64
		{721DC42C-FECA-1BAD-92E7-E8CA62A992E5}.Debug|x64.Build.0 = Debug|x64
		{721DC42C-FECA-1BAD-92E7-E8CA62A992E5}.Release|Win32.ActiveCfg = Release|Win32
		{721DC42C-FECA-1BAD-92E7-E8CA62A992E5}.Release|Win32.Build.0 = Release|Win32
		{721DC42C-FECA-1BAD-92E7-E8CA62A992E5}.Release|x64.ActiveCfg = Release|x64
		{721DC42C-FECA-1BAD-92E7-E8CA62A992E5}.Release|x64.Build.0 = Release|x64
		{10B43C3B-FECA-1BAD-6AF0-8A6300006AF2}.Debug|Win32.ActiveCfg = Debug|Win32
		{10B43C3B-FECA-1BAD-6AF0-8A6300006AF2}.Debug|Win32.Build.0 = Debug|Win32
		{10B43C3B-FECA-1BAD-6AF0-8A6300006AF2}.Debug|x64.ActiveCfg = Debug|x64
		{10B43C3B-FECA-1BAD-6AF0-8A6300006AF2}.Debug|x64.Build.0 = Debug|x64
		{10B43C3B-FECA-1BAD-6AF0-8A6300006AF2}.Release|Win32.ActiveCfg = Release|Win32
		{10B43C3B-FECA-1BAD-6AF0-8A6300006AF2}.Release|Win32.Build.0 = Release|Win32
		{10B43C3B-FECA-1BAD-6AF0-8A6300006AF2}.Release|x64.ActiveCfg = Release|x64
		{10B43C3B-FECA-1BAD-6AF0-8A6300006AF2}.Release|x64.Build.0 = Release|x64
		{7A43C42C-FECA-1BAD-92E7-E0946AF792E5}.Debug|Win32.ActiveCfg = Debug|Win32
		{7A43C42C-FECA-1BAD-92E7-E0946AF792E5}.Debug|Win32.Build.0 = Debug|Win32
		{7A43C42C-FECA-1BAD-92E7-E0946AF792E5}.Debug|x64.ActiveCfg = Debug|x64
		{7A43C42C-FECA-1BAD-92E7-E0946AF792E5}.Debug|x64.Build.0 = Debug|x64
		{7A43C42C-FECA-1BAD-92E7-E0946AF792E5}.Release|Win32.ActiveCfg = Release|Win32
		{7A43C42C-FECA-1BAD-92E7-E0946AF792E5}.Release|Win32.Build.0 = Release|Win32
		{7A43C42C-FECA-1BAD-92E7-E0946AF792E5}.Release|x64.ActiveCfg = Release|x64
		{7A43C42C-FECA-1BAD-92E7-E0946AF792E5}.Release|x64.Build.0 = Release|x64
	EndGlobalSection
	GlobalSection(SolutionProperties) = preSolution
		HideSolutionNode = FALSE
	EndGlobalSection
EndGlobal
