Microsoft Visual Studio Solution File, Format Version 8.00
#
# $Id$
#
# This file was generated by MPC.  Any changes made directly to
# this file will be lost the next time it is generated.
#
# MPC Command:
# /tao_builds/chad/ocitao/ACE_wrappers/build/linux/bin/mwc.pl -include config -type vc71 -recurse
Project("{8BC9CEB8-8B4A-11D0-8D11-00A0C91BC942}") = "good", "good\good.vcproj", "{69047593-FECA-1BAD-0000-0000923882D8}"
	ProjectSection(ProjectDependencies) = postProject
	EndProjectSection
EndProject
Project("{8BC9CEB8-8B4A-11D0-8D11-00A0C91BC942}") = "not_ghs", "not_ghs\not_ghs.vcproj", "{1F0C7D95-FECA-1BAD-91F1-826244EF4810}"
	ProjectSection(ProjectDependencies) = postProject
	EndProjectSection
EndProject
Global
	GlobalSection(SolutionConfiguration) = preSolution
		Debug = Debug
		Release = Release
	EndGlobalSection
	GlobalSection(ProjectConfiguration) = postSolution
		{69047593-FECA-1BAD-0000-0000923882D8}.Debug.ActiveCfg = Debug|Win32
		{69047593-FECA-1BAD-0000-0000923882D8}.Debug.Build.0 = Debug|Win32
		{69047593-FECA-1BAD-0000-0000923882D8}.Release.ActiveCfg = Release|Win32
		{69047593-FECA-1BAD-0000-0000923882D8}.Release.Build.0 = Release|Win32
		{1F0C7D95-FECA-1BAD-91F1-826244EF4810}.Debug.ActiveCfg = Debug|Win32
		{1F0C7D95-FECA-1BAD-91F1-826244EF4810}.Debug.Build.0 = Debug|Win32
		{1F0C7D95-FECA-1BAD-91F1-826244EF4810}.Release.ActiveCfg = Release|Win32
		{1F0C7D95-FECA-1BAD-91F1-826244EF4810}.Release.Build.0 = Release|Win32
	EndGlobalSection
	GlobalSection(ExtensibilityGlobals) = postSolution
	EndGlobalSection
	GlobalSection(ExtensibilityAddIns) = postSolution
	EndGlobalSection
EndGlobal
