
Microsoft Visual Studio Solution File, Format Version 9.00
# Visual Studio 2005
# $Id: VC8WorkspaceCreator.pm,v 1.4 2005/10/13 21:26:00 shuston Exp $
#
# This file was generated by MPC.  Any changes made directly to
# this file will be lost the next time it is generated.
#
# MPC Command:
# /tao_builds/chad/ocitao/ACE_wrappers/build/minimum_corba/bin/mwc.pl -include /home/elliottc/current/MPC/config -include /home/elliottc/current/MPC/templates -include config -type vc8 -exclude one/one.mpc -recurse -include exclude.mwc
Project("{8BC9CEB8-8B4A-11D0-8D11-00A0C91BC942}") = "three", "three\three.vcproj", "{79037B99-FECA-1BAD-0000-00000DA46F62}"
EndProject
Global
	GlobalSection(SolutionConfigurationPlatforms) = preSolution
		Debug|Win32 = Debug|Win32
		Release|Win32 = Release|Win32
	EndGlobalSection
	GlobalSection(ProjectConfigurationPlatforms) = postSolution
		{79037B99-FECA-1BAD-0000-00000DA46F62}.Debug|Win32.ActiveCfg = Debug|Win32
		{79037B99-FECA-1BAD-0000-00000DA46F62}.Debug|Win32.Build.0 = Debug|Win32
		{79037B99-FECA-1BAD-0000-00000DA46F62}.Release|Win32.ActiveCfg = Release|Win32
		{79037B99-FECA-1BAD-0000-00000DA46F62}.Release|Win32.Build.0 = Release|Win32
	EndGlobalSection
	GlobalSection(SolutionProperties) = preSolution
		HideSolutionNode = FALSE
	EndGlobalSection
EndGlobal
