Microsoft Visual Studio Solution File, Format Version 7.00
#
# $Id$
#
# This file was generated by MPC.  Any changes made directly to
# this file will be lost the next time it is generated.
#
# MPC Command:
# /tao_builds/chad/ocitao/ACE_wrappers/build/linux/bin/mwc.pl -include config -type vc7 -gendot -for_eclipse -into here/.. -value_template "configurations+='MFC Release' 'MFC Debug'" -static -feature_file features -features crap wider_coverage.mwc
Project("{8BC9CEB8-8B4A-11D0-8D11-00A0C91BC942}") = "Some_Test_Other_Lib", "Some_Test_Other_Lib.vcproj", "{BBA65ADC-FECA-1BAD-9AF8-846497E31FC6}"
EndProject
Project("{8BC9CEB8-8B4A-11D0-8D11-00A0C91BC942}") = "Some_Test_Simple_Lib", "Some_Test_Simple_Lib.vcproj", "{032E6AAE-FECA-1BAD-9DFF-8C6397E31FC6}"
EndProject
Project("{8BC9CEB8-8B4A-11D0-8D11-00A0C91BC942}") = "simple", "simple.vcproj", "{79017E90-FECA-1BAD-A6A7-8D6C97E31FC6}"
EndProject
Global
	GlobalSection(SolutionConfiguration) = preSolution
		ConfigName.0 = Debug
		ConfigName.1 = MFC Debug
		ConfigName.2 = MFC Release
		ConfigName.3 = Release
	EndGlobalSection
	GlobalSection(ProjectDependencies) = postSolution
		{79017E90-FECA-1BAD-A6A7-8D6C97E31FC6}.0 = {032E6AAE-FECA-1BAD-9DFF-8C6397E31FC6}
		{79017E90-FECA-1BAD-A6A7-8D6C97E31FC6}.1 = {BBA65ADC-FECA-1BAD-9AF8-846497E31FC6}
		{79017E90-FECA-1BAD-A6A7-8D6C97E31FC6}.2 = {032E6AAE-FECA-1BAD-9DFF-8C6397E31FC6}
		{79017E90-FECA-1BAD-A6A7-8D6C97E31FC6}.3 = {BBA65ADC-FECA-1BAD-9AF8-846497E31FC6}
	EndGlobalSection
	GlobalSection(ProjectConfiguration) = postSolution
		{BBA65ADC-FECA-1BAD-9AF8-846497E31FC6}.Debug.ActiveCfg = Debug|Win32
		{BBA65ADC-FECA-1BAD-9AF8-846497E31FC6}.Debug.Build.0 = Debug|Win32
		{BBA65ADC-FECA-1BAD-9AF8-846497E31FC6}.MFC Debug.ActiveCfg = MFC Debug|Win32
		{BBA65ADC-FECA-1BAD-9AF8-846497E31FC6}.MFC Debug.Build.0 = MFC Debug|Win32
		{BBA65ADC-FECA-1BAD-9AF8-846497E31FC6}.MFC Release.ActiveCfg = MFC Release|Win32
		{BBA65ADC-FECA-1BAD-9AF8-846497E31FC6}.MFC Release.Build.0 = MFC Release|Win32
		{BBA65ADC-FECA-1BAD-9AF8-846497E31FC6}.Release.ActiveCfg = Release|Win32
		{BBA65ADC-FECA-1BAD-9AF8-846497E31FC6}.Release.Build.0 = Release|Win32
		{032E6AAE-FECA-1BAD-9DFF-8C6397E31FC6}.Debug.ActiveCfg = Debug|Win32
		{032E6AAE-FECA-1BAD-9DFF-8C6397E31FC6}.Debug.Build.0 = Debug|Win32
		{032E6AAE-FECA-1BAD-9DFF-8C6397E31FC6}.MFC Debug.ActiveCfg = MFC Debug|Win32
		{032E6AAE-FECA-1BAD-9DFF-8C6397E31FC6}.MFC Debug.Build.0 = MFC Debug|Win32
		{032E6AAE-FECA-1BAD-9DFF-8C6397E31FC6}.MFC Release.ActiveCfg = MFC Release|Win32
		{032E6AAE-FECA-1BAD-9DFF-8C6397E31FC6}.MFC Release.Build.0 = MFC Release|Win32
		{032E6AAE-FECA-1BAD-9DFF-8C6397E31FC6}.Release.ActiveCfg = Release|Win32
		{032E6AAE-FECA-1BAD-9DFF-8C6397E31FC6}.Release.Build.0 = Release|Win32
		{79017E90-FECA-1BAD-A6A7-8D6C97E31FC6}.Debug.ActiveCfg = Debug|Win32
		{79017E90-FECA-1BAD-A6A7-8D6C97E31FC6}.Debug.Build.0 = Debug|Win32
		{79017E90-FECA-1BAD-A6A7-8D6C97E31FC6}.MFC Debug.ActiveCfg = MFC Debug|Win32
		{79017E90-FECA-1BAD-A6A7-8D6C97E31FC6}.MFC Debug.Build.0 = MFC Debug|Win32
		{79017E90-FECA-1BAD-A6A7-8D6C97E31FC6}.MFC Release.ActiveCfg = MFC Release|Win32
		{79017E90-FECA-1BAD-A6A7-8D6C97E31FC6}.MFC Release.Build.0 = MFC Release|Win32
		{79017E90-FECA-1BAD-A6A7-8D6C97E31FC6}.Release.ActiveCfg = Release|Win32
		{79017E90-FECA-1BAD-A6A7-8D6C97E31FC6}.Release.Build.0 = Release|Win32
	EndGlobalSection
	GlobalSection(ExtensibilityGlobals) = postSolution
	EndGlobalSection
	GlobalSection(ExtensibilityAddIns) = postSolution
	EndGlobalSection
EndGlobal
