Microsoft Visual Studio Solution File, Format Version 8.00
#
# $Id$
#
# This file was generated by MPC.  Any changes made directly to
# this file will be lost the next time it is generated.
#
# MPC Command:
# /tao_builds/chad/ocitao/ACE_wrappers/build/linux/bin/mwc.pl -include config -type vc71
Project("{8BC9CEB8-8B4A-11D0-8D11-00A0C91BC942}") = "mpc_test", "mpc_test.vcproj", "{6302769E-FECA-1BAD-2240-8C6B480E059D}"
	ProjectSection(ProjectDependencies) = postProject
	EndProjectSection
EndProject
Global
	GlobalSection(SolutionConfiguration) = preSolution
		Debug = Debug
		Release = Release
	EndGlobalSection
	GlobalSection(ProjectConfiguration) = postSolution
		{6302769E-FECA-1BAD-2240-8C6B480E059D}.Debug.ActiveCfg = Debug|Win32
		{6302769E-FECA-1BAD-2240-8C6B480E059D}.Debug.Build.0 = Debug|Win32
		{6302769E-FECA-1BAD-2240-8C6B480E059D}.Release.ActiveCfg = Release|Win32
		{6302769E-FECA-1BAD-2240-8C6B480E059D}.Release.Build.0 = Release|Win32
	EndGlobalSection
	GlobalSection(ExtensibilityGlobals) = postSolution
	EndGlobalSection
	GlobalSection(ExtensibilityAddIns) = postSolution
	EndGlobalSection
EndGlobal
