
Microsoft Visual Studio Solution File, Format Version 10.00
# Visual Studio 2008
# $Id$
#
# This file was generated by MPC.  Any changes made directly to
# this file will be lost the next time it is generated.
#
# MPC Command:
# /tao_builds/mitza/MPC/mwc.pl -include config -type vc9 features_custom_only.mwc
Project("{8BC9CEB8-8B4A-11D0-8D11-00A0C91BC942}") = "fco", "source\fco.vcproj", "{D904729F-FECA-1BAD-605D-8A6307582455}"
EndProject
Project("{8BC9CEB8-8B4A-11D0-8D11-00A0C91BC942}") = "fco_use", "source\fco_use.vcproj", "{7F01DCBF-FECA-1BAD-605D-8A6307582455}"
	ProjectSection(ProjectDependencies) = postProject
		{D904729F-FECA-1BAD-605D-8A6307582455} = {D904729F-FECA-1BAD-605D-8A6307582455}
	EndProjectSection
EndProject
Project("{8BC9CEB8-8B4A-11D0-8D11-00A0C91BC942}") = "other", "source\other.vcproj", "{0902F678-FECA-1BAD-2E20-8A0B07582455}"
EndProject
Global
	GlobalSection(SolutionConfigurationPlatforms) = preSolution
		Debug|Win32 = Debug|Win32
		Debug|x64 = Debug|x64
		Release|Win32 = Release|Win32
		Release|x64 = Release|x64
	EndGlobalSection
	GlobalSection(ProjectConfigurationPlatforms) = postSolution
		{D904729F-FECA-1BAD-605D-8A6307582455}.Debug|Win32.ActiveCfg = Debug|Win32
		{D904729F-FECA-1BAD-605D-8A6307582455}.Debug|Win32.Build.0 = Debug|Win32
		{D904729F-FECA-1BAD-605D-8A6307582455}.Debug|x64.ActiveCfg = Debug|x64
		{D904729F-FECA-1BAD-605D-8A6307582455}.Debug|x64.Build.0 = Debug|x64
		{D904729F-FECA-1BAD-605D-8A6307582455}.Release|Win32.ActiveCfg = Release|Win32
		{D904729F-FECA-1BAD-605D-8A6307582455}.Release|Win32.Build.0 = Release|Win32
		{D904729F-FECA-1BAD-605D-8A6307582455}.Release|x64.ActiveCfg = Release|x64
		{D904729F-FECA-1BAD-605D-8A6307582455}.Release|x64.Build.0 = Release|x64
		{7F01DCBF-FECA-1BAD-605D-8A6307582455}.Debug|Win32.ActiveCfg = Debug|Win32
		{7F01DCBF-FECA-1BAD-605D-8A6307582455}.Debug|Win32.Build.0 = Debug|Win32
		{7F01DCBF-FECA-1BAD-605D-8A6307582455}.Debug|x64.ActiveCfg = Debug|x64
		{7F01DCBF-FECA-1BAD-605D-8A6307582455}.Debug|x64.Build.0 = Debug|x64
		{7F01DCBF-FECA-1BAD-605D-8A6307582455}.Release|Win32.ActiveCfg = Release|Win32
		{7F01DCBF-FECA-1BAD-605D-8A6307582455}.Release|Win32.Build.0 = Release|Win32
		{7F01DCBF-FECA-1BAD-605D-8A6307582455}.Release|x64.ActiveCfg = Release|x64
		{7F01DCBF-FECA-1BAD-605D-8A6307582455}.Release|x64.Build.0 = Release|x64
		{0902F678-FECA-1BAD-2E20-8A0B07582455}.Debug|Win32.ActiveCfg = Debug|Win32
		{0902F678-FECA-1BAD-2E20-8A0B07582455}.Debug|Win32.Build.0 = Debug|Win32
		{0902F678-FECA-1BAD-2E20-8A0B07582455}.Debug|x64.ActiveCfg = Debug|x64
		{0902F678-FECA-1BAD-2E20-8A0B07582455}.Debug|x64.Build.0 = Debug|x64
		{0902F678-FECA-1BAD-2E20-8A0B07582455}.Release|Win32.ActiveCfg = Release|Win32
		{0902F678-FECA-1BAD-2E20-8A0B07582455}.Release|Win32.Build.0 = Release|Win32
		{0902F678-FECA-1BAD-2E20-8A0B07582455}.Release|x64.ActiveCfg = Release|x64
		{0902F678-FECA-1BAD-2E20-8A0B07582455}.Release|x64.Build.0 = Release|x64
	EndGlobalSection
	GlobalSection(SolutionProperties) = preSolution
		HideSolutionNode = FALSE
	EndGlobalSection
EndGlobal
