Microsoft Visual Studio Solution File, Format Version 8.00
#
# $Id: VC71WorkspaceCreator.pm,v 1.5 2005/05/16 16:41:30 elliott_c Exp $
#
# This file was generated by MPC.  Any changes made directly to
# this file will be lost the next time it is generated.
#
# MPC Command:
# /tao_builds/chad/ocitao/ACE_wrappers/build/linux/bin/mwc.pl -include /home/elliottc/MPC/config -include /home/elliottc/MPC/templates -include config -type vc71
Project("{8BC9CEB8-8B4A-11D0-8D11-00A0C91BC942}") = "DomainApplicationManager", "DomainApplicationManager\DomainApplicationManager.vcproj", "{31385C1E-FECA-1BAD-834D-C82CCED295E1}"
	ProjectSection(ProjectDependencies) = postProject
		{489360E9-FECA-1BAD-7922-816B3AF2F5DE} = {489360E9-FECA-1BAD-7922-816B3AF2F5DE}
	EndProjectSection
EndProject
Project("{8BC9CEB8-8B4A-11D0-8D11-00A0C91BC942}") = "NodeApplication", "NodeApplication\NodeApplication.vcproj", "{C38156F3-FECA-1BAD-299A-C5F52BAAD0FD}"
	ProjectSection(ProjectDependencies) = postProject
	EndProjectSection
EndProject
Project("{8BC9CEB8-8B4A-11D0-8D11-00A0C91BC942}") = "RTNA_Configurator", "NodeApplication\RTNA_Configurator.vcproj", "{76A6C207-FECA-1BAD-299A-C5F52BAAD0FD}"
	ProjectSection(ProjectDependencies) = postProject
	EndProjectSection
EndProject
Project("{8BC9CEB8-8B4A-11D0-8D11-00A0C91BC942}") = "NodeApplicationManager", "NodeApplicationManager\NodeApplicationManager.vcproj", "{73EBB1AE-FECA-1BAD-5349-E51259B24C5D}"
	ProjectSection(ProjectDependencies) = postProject
	EndProjectSection
EndProject
Project("{8BC9CEB8-8B4A-11D0-8D11-00A0C91BC942}") = "Monitor_Monitorlib", "NodeManager\Monitor_Monitorlib.vcproj", "{91E6F06E-FECA-1BAD-E280-816B3AF2F5DE}"
	ProjectSection(ProjectDependencies) = postProject
	EndProjectSection
EndProject
Project("{8BC9CEB8-8B4A-11D0-8D11-00A0C91BC942}") = "NodeManager", "NodeManager\NodeManager.vcproj", "{08037318-FECA-1BAD-7922-816B3AF2F5DE}"
	ProjectSection(ProjectDependencies) = postProject
		{73EBB1AE-FECA-1BAD-5349-E51259B24C5D} = {73EBB1AE-FECA-1BAD-5349-E51259B24C5D}
		{489360E9-FECA-1BAD-7922-816B3AF2F5DE} = {489360E9-FECA-1BAD-7922-816B3AF2F5DE}
		{6C6E2A4B-FECA-1BAD-7522-813B81F68BD9} = {6C6E2A4B-FECA-1BAD-7522-813B81F68BD9}
	EndProjectSection
EndProject
Project("{8BC9CEB8-8B4A-11D0-8D11-00A0C91BC942}") = "NodeManager_stub", "NodeManager\NodeManager_stub.vcproj", "{489360E9-FECA-1BAD-7922-816B3AF2F5DE}"
	ProjectSection(ProjectDependencies) = postProject
	EndProjectSection
EndProject
Project("{8BC9CEB8-8B4A-11D0-8D11-00A0C91BC942}") = "lib", "NodeManager\lib.vcproj", "{09047295-FECA-1BAD-7922-816B3AF2F5DE}"
	ProjectSection(ProjectDependencies) = postProject
		{73EBB1AE-FECA-1BAD-5349-E51259B24C5D} = {73EBB1AE-FECA-1BAD-5349-E51259B24C5D}
		{489360E9-FECA-1BAD-7922-816B3AF2F5DE} = {489360E9-FECA-1BAD-7922-816B3AF2F5DE}
		{6C6E2A4B-FECA-1BAD-7522-813B81F68BD9} = {6C6E2A4B-FECA-1BAD-7522-813B81F68BD9}
	EndProjectSection
EndProject
Project("{8BC9CEB8-8B4A-11D0-8D11-00A0C91BC942}") = "CIAO_TargetManager_exec", "TargetManager\CIAO_TargetManager_exec.vcproj", "{7C6E2C4B-FECA-1BAD-7522-813B81F68BD9}"
	ProjectSection(ProjectDependencies) = postProject
		{0C6E2A41-FECA-1BAD-7522-813B81F68BD9} = {0C6E2A41-FECA-1BAD-7522-813B81F68BD9}
		{31385C1E-FECA-1BAD-834D-C82CCED295E1} = {31385C1E-FECA-1BAD-834D-C82CCED295E1}
	EndProjectSection
EndProject
Project("{8BC9CEB8-8B4A-11D0-8D11-00A0C91BC942}") = "CIAO_TargetManager_stub", "TargetManager\CIAO_TargetManager_stub.vcproj", "{6C6E2A4B-FECA-1BAD-7522-813B81F68BD9}"
	ProjectSection(ProjectDependencies) = postProject
	EndProjectSection
EndProject
Project("{8BC9CEB8-8B4A-11D0-8D11-00A0C91BC942}") = "CIAO_TargetManager_svnt", "TargetManager\CIAO_TargetManager_svnt.vcproj", "{0C6E2A41-FECA-1BAD-7522-813B81F68BD9}"
	ProjectSection(ProjectDependencies) = postProject
		{6C6E2A4B-FECA-1BAD-7522-813B81F68BD9} = {6C6E2A4B-FECA-1BAD-7522-813B81F68BD9}
	EndProjectSection
EndProject
Project("{8BC9CEB8-8B4A-11D0-8D11-00A0C91BC942}") = "TMClient", "TargetManager\TMClient.vcproj", "{69017B93-FECA-1BAD-F396-816981F68BD9}"
	ProjectSection(ProjectDependencies) = postProject
		{6C6E2A4B-FECA-1BAD-7522-813B81F68BD9} = {6C6E2A4B-FECA-1BAD-7522-813B81F68BD9}
	EndProjectSection
EndProject
Global
	GlobalSection(SolutionConfiguration) = preSolution
		Debug = Debug
		Release = Release
	EndGlobalSection
	GlobalSection(ProjectConfiguration) = postSolution
		{31385C1E-FECA-1BAD-834D-C82CCED295E1}.Debug.ActiveCfg = Debug|Win32
		{31385C1E-FECA-1BAD-834D-C82CCED295E1}.Debug.Build.0 = Debug|Win32
		{31385C1E-FECA-1BAD-834D-C82CCED295E1}.Release.ActiveCfg = Release|Win32
		{31385C1E-FECA-1BAD-834D-C82CCED295E1}.Release.Build.0 = Release|Win32
		{C38156F3-FECA-1BAD-299A-C5F52BAAD0FD}.Debug.ActiveCfg = Debug|Win32
		{C38156F3-FECA-1BAD-299A-C5F52BAAD0FD}.Debug.Build.0 = Debug|Win32
		{C38156F3-FECA-1BAD-299A-C5F52BAAD0FD}.Release.ActiveCfg = Release|Win32
		{C38156F3-FECA-1BAD-299A-C5F52BAAD0FD}.Release.Build.0 = Release|Win32
		{76A6C207-FECA-1BAD-299A-C5F52BAAD0FD}.Debug.ActiveCfg = Debug|Win32
		{76A6C207-FECA-1BAD-299A-C5F52BAAD0FD}.Debug.Build.0 = Debug|Win32
		{76A6C207-FECA-1BAD-299A-C5F52BAAD0FD}.Release.ActiveCfg = Release|Win32
		{76A6C207-FECA-1BAD-299A-C5F52BAAD0FD}.Release.Build.0 = Release|Win32
		{73EBB1AE-FECA-1BAD-5349-E51259B24C5D}.Debug.ActiveCfg = Debug|Win32
		{73EBB1AE-FECA-1BAD-5349-E51259B24C5D}.Debug.Build.0 = Debug|Win32
		{73EBB1AE-FECA-1BAD-5349-E51259B24C5D}.Release.ActiveCfg = Release|Win32
		{73EBB1AE-FECA-1BAD-5349-E51259B24C5D}.Release.Build.0 = Release|Win32
		{91E6F06E-FECA-1BAD-E280-816B3AF2F5DE}.Debug.ActiveCfg = Debug|Win32
		{91E6F06E-FECA-1BAD-E280-816B3AF2F5DE}.Debug.Build.0 = Debug|Win32
		{91E6F06E-FECA-1BAD-E280-816B3AF2F5DE}.Release.ActiveCfg = Release|Win32
		{91E6F06E-FECA-1BAD-E280-816B3AF2F5DE}.Release.Build.0 = Release|Win32
		{08037318-FECA-1BAD-7922-816B3AF2F5DE}.Debug.ActiveCfg = Debug|Win32
		{08037318-FECA-1BAD-7922-816B3AF2F5DE}.Debug.Build.0 = Debug|Win32
		{08037318-FECA-1BAD-7922-816B3AF2F5DE}.Release.ActiveCfg = Release|Win32
		{08037318-FECA-1BAD-7922-816B3AF2F5DE}.Release.Build.0 = Release|Win32
		{489360E9-FECA-1BAD-7922-816B3AF2F5DE}.Debug.ActiveCfg = Debug|Win32
		{489360E9-FECA-1BAD-7922-816B3AF2F5DE}.Debug.Build.0 = Debug|Win32
		{489360E9-FECA-1BAD-7922-816B3AF2F5DE}.Release.ActiveCfg = Release|Win32
		{489360E9-FECA-1BAD-7922-816B3AF2F5DE}.Release.Build.0 = Release|Win32
		{09047295-FECA-1BAD-7922-816B3AF2F5DE}.Debug.ActiveCfg = Debug|Win32
		{09047295-FECA-1BAD-7922-816B3AF2F5DE}.Debug.Build.0 = Debug|Win32
		{09047295-FECA-1BAD-7922-816B3AF2F5DE}.Release.ActiveCfg = Release|Win32
		{09047295-FECA-1BAD-7922-816B3AF2F5DE}.Release.Build.0 = Release|Win32
		{7C6E2C4B-FECA-1BAD-7522-813B81F68BD9}.Debug.ActiveCfg = Debug|Win32
		{7C6E2C4B-FECA-1BAD-7522-813B81F68BD9}.Debug.Build.0 = Debug|Win32
		{7C6E2C4B-FECA-1BAD-7522-813B81F68BD9}.Release.ActiveCfg = Release|Win32
		{7C6E2C4B-FECA-1BAD-7522-813B81F68BD9}.Release.Build.0 = Release|Win32
		{6C6E2A4B-FECA-1BAD-7522-813B81F68BD9}.Debug.ActiveCfg = Debug|Win32
		{6C6E2A4B-FECA-1BAD-7522-813B81F68BD9}.Debug.Build.0 = Debug|Win32
		{6C6E2A4B-FECA-1BAD-7522-813B81F68BD9}.Release.ActiveCfg = Release|Win32
		{6C6E2A4B-FECA-1BAD-7522-813B81F68BD9}.Release.Build.0 = Release|Win32
		{0C6E2A41-FECA-1BAD-7522-813B81F68BD9}.Debug.ActiveCfg = Debug|Win32
		{0C6E2A41-FECA-1BAD-7522-813B81F68BD9}.Debug.Build.0 = Debug|Win32
		{0C6E2A41-FECA-1BAD-7522-813B81F68BD9}.Release.ActiveCfg = Release|Win32
		{0C6E2A41-FECA-1BAD-7522-813B81F68BD9}.Release.Build.0 = Release|Win32
		{69017B93-FECA-1BAD-F396-816981F68BD9}.Debug.ActiveCfg = Debug|Win32
		{69017B93-FECA-1BAD-F396-816981F68BD9}.Debug.Build.0 = Debug|Win32
		{69017B93-FECA-1BAD-F396-816981F68BD9}.Release.ActiveCfg = Release|Win32
		{69017B93-FECA-1BAD-F396-816981F68BD9}.Release.Build.0 = Release|Win32
	EndGlobalSection
	GlobalSection(ExtensibilityGlobals) = postSolution
	EndGlobalSection
	GlobalSection(ExtensibilityAddIns) = postSolution
	EndGlobalSection
EndGlobal
