Microsoft Visual Studio Solution File, Format Version 7.00
#
# $Id$
#
# This file was generated by MPC.  Any changes made directly to
# this file will be lost the next time it is generated.
#
# MPC Command:
# /tao_builds/chad/ocitao/ACE_wrappers/build/linux/bin/mwc.pl -include config -type vc7
Project("{8BC9CEB8-8B4A-11D0-8D11-00A0C91BC942}") = "foo", "foo.vcproj", "{D9047293-FECA-1BAD-609D-8A63A0FB71E6}"
EndProject
Global
	GlobalSection(SolutionConfiguration) = preSolution
		ConfigName.0 = Debug
		ConfigName.1 = Release
	EndGlobalSection
	GlobalSection(ProjectDependencies) = postSolution
	EndGlobalSection
	GlobalSection(ProjectConfiguration) = postSolution
		{D9047293-FECA-1BAD-609D-8A63A0FB71E6}.Debug.ActiveCfg = Debug|Win32
		{D9047293-FECA-1BAD-609D-8A63A0FB71E6}.Debug.Build.0 = Debug|Win32
		{D9047293-FECA-1BAD-609D-8A63A0FB71E6}.Release.ActiveCfg = Release|Win32
		{D9047293-FECA-1BAD-609D-8A63A0FB71E6}.Release.Build.0 = Release|Win32
	EndGlobalSection
	GlobalSection(ExtensibilityGlobals) = postSolution
	EndGlobalSection
	GlobalSection(ExtensibilityAddIns) = postSolution
	EndGlobalSection
EndGlobal
