
Microsoft Visual Studio Solution File, Format Version 10.00
# Visual Studio 2008
# $Id$
#
# This file was generated by MPC.  Any changes made directly to
# this file will be lost the next time it is generated.
#
# MPC Command:
# /tao_builds/mitza/MPC/mwc.pl -include config -type vc9
Project("{8BC9CEB8-8B4A-11D0-8D11-00A0C91BC942}") = "DomainApplicationManager", "DomainApplicationManager\DomainApplicationManager.vcproj", "{A787DA01-FECA-1BAD-E9BA-6259E83AE9B8}"
	ProjectSection(ProjectDependencies) = postProject
		{30B1EBD1-FECA-1BAD-39B2-911B1B7839B0} = {30B1EBD1-FECA-1BAD-39B2-911B1B7839B0}
	EndProjectSection
EndProject
Project("{8BC9CEB8-8B4A-11D0-8D11-00A0C91BC942}") = "NodeApplication", "NodeApplication\NodeApplication.vcproj", "{A7783704-FECA-1BAD-39EA-6DA7E7C439E8}"
EndProject
Project("{8BC9CEB8-8B4A-11D0-8D11-00A0C91BC942}") = "RTNA_Configurator", "NodeApplication\RTNA_Configurator.vcproj", "{76A2872F-FECA-1BAD-39EA-6DA7E7C439E8}"
EndProject
Project("{8BC9CEB8-8B4A-11D0-8D11-00A0C91BC942}") = "NodeApplicationManager", "NodeApplicationManager\NodeApplicationManager.vcproj", "{E55437B1-FECA-1BAD-32BE-4F67C50432BC}"
EndProject
Project("{8BC9CEB8-8B4A-11D0-8D11-00A0C91BC942}") = "Monitor_Monitorlib", "NodeManager\Monitor_Monitorlib.vcproj", "{090477C5-FECA-1BAD-E280-C1FB1B7839B0}"
EndProject
Project("{8BC9CEB8-8B4A-11D0-8D11-00A0C91BC942}") = "NodeManager", "NodeManager\NodeManager.vcproj", "{28B3F701-FECA-1BAD-39B2-911B1B7839B0}"
	ProjectSection(ProjectDependencies) = postProject
		{E55437B1-FECA-1BAD-32BE-4F67C50432BC} = {E55437B1-FECA-1BAD-32BE-4F67C50432BC}
		{30B1EBD1-FECA-1BAD-39B2-911B1B7839B0} = {30B1EBD1-FECA-1BAD-39B2-911B1B7839B0}
		{184CA173-FECA-1BAD-1532-81490B2A1530} = {184CA173-FECA-1BAD-1532-81490B2A1530}
	EndProjectSection
EndProject
Project("{8BC9CEB8-8B4A-11D0-8D11-00A0C91BC942}") = "NodeManager_stub", "NodeManager\NodeManager_stub.vcproj", "{30B1EBD1-FECA-1BAD-39B2-911B1B7839B0}"
EndProject
Project("{8BC9CEB8-8B4A-11D0-8D11-00A0C91BC942}") = "lib", "NodeManager\lib.vcproj", "{09047235-FECA-1BAD-39B2-911B1B7839B0}"
	ProjectSection(ProjectDependencies) = postProject
		{E55437B1-FECA-1BAD-32BE-4F67C50432BC} = {E55437B1-FECA-1BAD-32BE-4F67C50432BC}
		{30B1EBD1-FECA-1BAD-39B2-911B1B7839B0} = {30B1EBD1-FECA-1BAD-39B2-911B1B7839B0}
		{184CA173-FECA-1BAD-1532-81490B2A1530} = {184CA173-FECA-1BAD-1532-81490B2A1530}
	EndProjectSection
EndProject
Project("{8BC9CEB8-8B4A-11D0-8D11-00A0C91BC942}") = "CIAO_TargetManager_exec", "TargetManager\CIAO_TargetManager_exec.vcproj", "{084CB7A3-FECA-1BAD-1532-81490B2A1530}"
	ProjectSection(ProjectDependencies) = postProject
		{784CA149-FECA-1BAD-1532-81490B2A1530} = {784CA149-FECA-1BAD-1532-81490B2A1530}
		{A787DA01-FECA-1BAD-E9BA-6259E83AE9B8} = {A787DA01-FECA-1BAD-E9BA-6259E83AE9B8}
	EndProjectSection
EndProject
Project("{8BC9CEB8-8B4A-11D0-8D11-00A0C91BC942}") = "CIAO_TargetManager_stub", "TargetManager\CIAO_TargetManager_stub.vcproj", "{184CA173-FECA-1BAD-1532-81490B2A1530}"
EndProject
Project("{8BC9CEB8-8B4A-11D0-8D11-00A0C91BC942}") = "CIAO_TargetManager_svnt", "TargetManager\CIAO_TargetManager_svnt.vcproj", "{784CA149-FECA-1BAD-1532-81490B2A1530}"
	ProjectSection(ProjectDependencies) = postProject
		{184CA173-FECA-1BAD-1532-81490B2A1530} = {184CA173-FECA-1BAD-1532-81490B2A1530}
	EndProjectSection
EndProject
Project("{8BC9CEB8-8B4A-11D0-8D11-00A0C91BC942}") = "TMClient", "TargetManager\TMClient.vcproj", "{3991DBA3-FECA-1BAD-F3C6-01390B2A1530}"
	ProjectSection(ProjectDependencies) = postProject
		{184CA173-FECA-1BAD-1532-81490B2A1530} = {184CA173-FECA-1BAD-1532-81490B2A1530}
	EndProjectSection
EndProject
Global
	GlobalSection(SolutionConfigurationPlatforms) = preSolution
		Debug|Win32 = Debug|Win32
		Debug|x64 = Debug|x64
		Release|Win32 = Release|Win32
		Release|x64 = Release|x64
	EndGlobalSection
	GlobalSection(ProjectConfigurationPlatforms) = postSolution
		{A787DA01-FECA-1BAD-E9BA-6259E83AE9B8}.Debug|Win32.ActiveCfg = Debug|Win32
		{A787DA01-FECA-1BAD-E9BA-6259E83AE9B8}.Debug|Win32.Build.0 = Debug|Win32
		{A787DA01-FECA-1BAD-E9BA-6259E83AE9B8}.Debug|x64.ActiveCfg = Debug|x64
		{A787DA01-FECA-1BAD-E9BA-6259E83AE9B8}.Debug|x64.Build.0 = Debug|x64
		{A787DA01-FECA-1BAD-E9BA-6259E83AE9B8}.Release|Win32.ActiveCfg = Release|Win32
		{A787DA01-FECA-1BAD-E9BA-6259E83AE9B8}.Release|Win32.Build.0 = Release|Win32
		{A787DA01-FECA-1BAD-E9BA-6259E83AE9B8}.Release|x64.ActiveCfg = Release|x64
		{A787DA01-FECA-1BAD-E9BA-6259E83AE9B8}.Release|x64.Build.0 = Release|x64
		{A7783704-FECA-1BAD-39EA-6DA7E7C439E8}.Debug|Win32.ActiveCfg = Debug|Win32
		{A7783704-FECA-1BAD-39EA-6DA7E7C439E8}.Debug|Win32.Build.0 = Debug|Win32
		{A7783704-FECA-1BAD-39EA-6DA7E7C439E8}.Debug|x64.ActiveCfg = Debug|x64
		{A7783704-FECA-1BAD-39EA-6DA7E7C439E8}.Debug|x64.Build.0 = Debug|x64
		{A7783704-FECA-1BAD-39EA-6DA7E7C439E8}.Release|Win32.ActiveCfg = Release|Win32
		{A7783704-FECA-1BAD-39EA-6DA7E7C439E8}.Release|Win32.Build.0 = Release|Win32
		{A7783704-FECA-1BAD-39EA-6DA7E7C439E8}.Release|x64.ActiveCfg = Release|x64
		{A7783704-FECA-1BAD-39EA-6DA7E7C439E8}.Release|x64.Build.0 = Release|x64
		{76A2872F-FECA-1BAD-39EA-6DA7E7C439E8}.Debug|Win32.ActiveCfg = Debug|Win32
		{76A2872F-FECA-1BAD-39EA-6DA7E7C439E8}.Debug|Win32.Build.0 = Debug|Win32
		{76A2872F-FECA-1BAD-39EA-6DA7E7C439E8}.Debug|x64.ActiveCfg = Debug|x64
		{76A2872F-FECA-1BAD-39EA-6DA7E7C439E8}.Debug|x64.Build.0 = Debug|x64
		{76A2872F-FECA-1BAD-39EA-6DA7E7C439E8}.Release|Win32.ActiveCfg = Release|Win32
		{76A2872F-FECA-1BAD-39EA-6DA7E7C439E8}.Release|Win32.Build.0 = Release|Win32
		{76A2872F-FECA-1BAD-39EA-6DA7E7C439E8}.Release|x64.ActiveCfg = Release|x64
		{76A2872F-FECA-1BAD-39EA-6DA7E7C439E8}.Release|x64.Build.0 = Release|x64
		{E55437B1-FECA-1BAD-32BE-4F67C50432BC}.Debug|Win32.ActiveCfg = Debug|Win32
		{E55437B1-FECA-1BAD-32BE-4F67C50432BC}.Debug|Win32.Build.0 = Debug|Win32
		{E55437B1-FECA-1BAD-32BE-4F67C50432BC}.Debug|x64.ActiveCfg = Debug|x64
		{E55437B1-FECA-1BAD-32BE-4F67C50432BC}.Debug|x64.Build.0 = Debug|x64
		{E55437B1-FECA-1BAD-32BE-4F67C50432BC}.Release|Win32.ActiveCfg = Release|Win32
		{E55437B1-FECA-1BAD-32BE-4F67C50432BC}.Release|Win32.Build.0 = Release|Win32
		{E55437B1-FECA-1BAD-32BE-4F67C50432BC}.Release|x64.ActiveCfg = Release|x64
		{E55437B1-FECA-1BAD-32BE-4F67C50432BC}.Release|x64.Build.0 = Release|x64
		{090477C5-FECA-1BAD-E280-C1FB1B7839B0}.Debug|Win32.ActiveCfg = Debug|Win32
		{090477C5-FECA-1BAD-E280-C1FB1B7839B0}.Debug|Win32.Build.0 = Debug|Win32
		{090477C5-FECA-1BAD-E280-C1FB1B7839B0}.Debug|x64.ActiveCfg = Debug|x64
		{090477C5-FECA-1BAD-E280-C1FB1B7839B0}.Debug|x64.Build.0 = Debug|x64
		{090477C5-FECA-1BAD-E280-C1FB1B7839B0}.Release|Win32.ActiveCfg = Release|Win32
		{090477C5-FECA-1BAD-E280-C1FB1B7839B0}.Release|Win32.Build.0 = Release|Win32
		{090477C5-FECA-1BAD-E280-C1FB1B7839B0}.Release|x64.ActiveCfg = Release|x64
		{090477C5-FECA-1BAD-E280-C1FB1B7839B0}.Release|x64.Build.0 = Release|x64
		{28B3F701-FECA-1BAD-39B2-911B1B7839B0}.Debug|Win32.ActiveCfg = Debug|Win32
		{28B3F701-FECA-1BAD-39B2-911B1B7839B0}.Debug|Win32.Build.0 = Debug|Win32
		{28B3F701-FECA-1BAD-39B2-911B1B7839B0}.Debug|x64.ActiveCfg = Debug|x64
		{28B3F701-FECA-1BAD-39B2-911B1B7839B0}.Debug|x64.Build.0 = Debug|x64
		{28B3F701-FECA-1BAD-39B2-911B1B7839B0}.Release|Win32.ActiveCfg = Release|Win32
		{28B3F701-FECA-1BAD-39B2-911B1B7839B0}.Release|Win32.Build.0 = Release|Win32
		{28B3F701-FECA-1BAD-39B2-911B1B7839B0}.Release|x64.ActiveCfg = Release|x64
		{28B3F701-FECA-1BAD-39B2-911B1B7839B0}.Release|x64.Build.0 = Release|x64
		{30B1EBD1-FECA-1BAD-39B2-911B1B7839B0}.Debug|Win32.ActiveCfg = Debug|Win32
		{30B1EBD1-FECA-1BAD-39B2-911B1B7839B0}.Debug|Win32.Build.0 = Debug|Win32
		{30B1EBD1-FECA-1BAD-39B2-911B1B7839B0}.Debug|x64.ActiveCfg = Debug|x64
		{30B1EBD1-FECA-1BAD-39B2-911B1B7839B0}.Debug|x64.Build.0 = Debug|x64
		{30B1EBD1-FECA-1BAD-39B2-911B1B7839B0}.Release|Win32.ActiveCfg = Release|Win32
		{30B1EBD1-FECA-1BAD-39B2-911B1B7839B0}.Release|Win32.Build.0 = Release|Win32
		{30B1EBD1-FECA-1BAD-39B2-911B1B7839B0}.Release|x64.ActiveCfg = Release|x64
		{30B1EBD1-FECA-1BAD-39B2-911B1B7839B0}.Release|x64.Build.0 = Release|x64
		{09047235-FECA-1BAD-39B2-911B1B7839B0}.Debug|Win32.ActiveCfg = Debug|Win32
		{09047235-FECA-1BAD-39B2-911B1B7839B0}.Debug|Win32.Build.0 = Debug|Win32
		{09047235-FECA-1BAD-39B2-911B1B7839B0}.Debug|x64.ActiveCfg = Debug|x64
		{09047235-FECA-1BAD-39B2-911B1B7839B0}.Debug|x64.Build.0 = Debug|x64
		{09047235-FECA-1BAD-39B2-911B1B7839B0}.Release|Win32.ActiveCfg = Release|Win32
		{09047235-FECA-1BAD-39B2-911B1B7839B0}.Release|Win32.Build.0 = Release|Win32
		{09047235-FECA-1BAD-39B2-911B1B7839B0}.Release|x64.ActiveCfg = Release|x64
		{09047235-FECA-1BAD-39B2-911B1B7839B0}.Release|x64.Build.0 = Release|x64
		{084CB7A3-FECA-1BAD-1532-81490B2A1530}.Debug|Win32.ActiveCfg = Debug|Win32
		{084CB7A3-FECA-1BAD-1532-81490B2A1530}.Debug|Win32.Build.0 = Debug|Win32
		{084CB7A3-FECA-1BAD-1532-81490B2A1530}.Debug|x64.ActiveCfg = Debug|x64
		{084CB7A3-FECA-1BAD-1532-81490B2A1530}.Debug|x64.Build.0 = Debug|x64
		{084CB7A3-FECA-1BAD-1532-81490B2A1530}.Release|Win32.ActiveCfg = Release|Win32
		{084CB7A3-FECA-1BAD-1532-81490B2A1530}.Release|Win32.Build.0 = Release|Win32
		{084CB7A3-FECA-1BAD-1532-81490B2A1530}.Release|x64.ActiveCfg = Release|x64
		{084CB7A3-FECA-1BAD-1532-81490B2A1530}.Release|x64.Build.0 = Release|x64
		{184CA173-FECA-1BAD-1532-81490B2A1530}.Debug|Win32.ActiveCfg = Debug|Win32
		{184CA173-FECA-1BAD-1532-81490B2A1530}.Debug|Win32.Build.0 = Debug|Win32
		{184CA173-FECA-1BAD-1532-81490B2A1530}.Debug|x64.ActiveCfg = Debug|x64
		{184CA173-FECA-1BAD-1532-81490B2A1530}.Debug|x64.Build.0 = Debug|x64
		{184CA173-FECA-1BAD-1532-81490B2A1530}.Release|Win32.ActiveCfg = Release|Win32
		{184CA173-FECA-1BAD-1532-81490B2A1530}.Release|Win32.Build.0 = Release|Win32
		{184CA173-FECA-1BAD-1532-81490B2A1530}.Release|x64.ActiveCfg = Release|x64
		{184CA173-FECA-1BAD-1532-81490B2A1530}.Release|x64.Build.0 = Release|x64
		{784CA149-FECA-1BAD-1532-81490B2A1530}.Debug|Win32.ActiveCfg = Debug|Win32
		{784CA149-FECA-1BAD-1532-81490B2A1530}.Debug|Win32.Build.0 = Debug|Win32
		{784CA149-FECA-1BAD-1532-81490B2A1530}.Debug|x64.ActiveCfg = Debug|x64
		{784CA149-FECA-1BAD-1532-81490B2A1530}.Debug|x64.Build.0 = Debug|x64
		{784CA149-FECA-1BAD-1532-81490B2A1530}.Release|Win32.ActiveCfg = Release|Win32
		{784CA149-FECA-1BAD-1532-81490B2A1530}.Release|Win32.Build.0 = Release|Win32
		{784CA149-FECA-1BAD-1532-81490B2A1530}.Release|x64.ActiveCfg = Release|x64
		{784CA149-FECA-1BAD-1532-81490B2A1530}.Release|x64.Build.0 = Release|x64
		{3991DBA3-FECA-1BAD-F3C6-01390B2A1530}.Debug|Win32.ActiveCfg = Debug|Win32
		{3991DBA3-FECA-1BAD-F3C6-01390B2A1530}.Debug|Win32.Build.0 = Debug|Win32
		{3991DBA3-FECA-1BAD-F3C6-01390B2A1530}.Debug|x64.ActiveCfg = Debug|x64
		{3991DBA3-FECA-1BAD-F3C6-01390B2A1530}.Debug|x64.Build.0 = Debug|x64
		{3991DBA3-FECA-1BAD-F3C6-01390B2A1530}.Release|Win32.ActiveCfg = Release|Win32
		{3991DBA3-FECA-1BAD-F3C6-01390B2A1530}.Release|Win32.Build.0 = Release|Win32
		{3991DBA3-FECA-1BAD-F3C6-01390B2A1530}.Release|x64.ActiveCfg = Release|x64
		{3991DBA3-FECA-1BAD-F3C6-01390B2A1530}.Release|x64.Build.0 = Release|x64
	EndGlobalSection
	GlobalSection(SolutionProperties) = preSolution
		HideSolutionNode = FALSE
	EndGlobalSection
EndGlobal
