
Microsoft Visual Studio Solution File, Format Version 10.00
# Visual Studio 2008
# $Id$
#
# This file was generated by MPC.  Any changes made directly to
# this file will be lost the next time it is generated.
#
# MPC Command:
# /tao_builds/mitza/MPC/mwc.pl -include config -type vc9 -features qt=1
Project("{8BC9CEB8-8B4A-11D0-8D11-00A0C91BC942}") = "qt_uic_moc", "qt_uic_moc.vcproj", "{013B1D55-FECA-1BAD-9CF0-099500000000}"
EndProject
Global
	GlobalSection(SolutionConfigurationPlatforms) = preSolution
		Debug|Win32 = Debug|Win32
		Debug|x64 = Debug|x64
		Release|Win32 = Release|Win32
		Release|x64 = Release|x64
	EndGlobalSection
	GlobalSection(ProjectConfigurationPlatforms) = postSolution
		{013B1D55-FECA-1BAD-9CF0-099500000000}.Debug|Win32.ActiveCfg = Debug|Win32
		{013B1D55-FECA-1BAD-9CF0-099500000000}.Debug|Win32.Build.0 = Debug|Win32
		{013B1D55-FECA-1BAD-9CF0-099500000000}.Debug|x64.ActiveCfg = Debug|x64
		{013B1D55-FECA-1BAD-9CF0-099500000000}.Debug|x64.Build.0 = Debug|x64
		{013B1D55-FECA-1BAD-9CF0-099500000000}.Release|Win32.ActiveCfg = Release|Win32
		{013B1D55-FECA-1BAD-9CF0-099500000000}.Release|Win32.Build.0 = Release|Win32
		{013B1D55-FECA-1BAD-9CF0-099500000000}.Release|x64.ActiveCfg = Release|x64
		{013B1D55-FECA-1BAD-9CF0-099500000000}.Release|x64.Build.0 = Release|x64
	EndGlobalSection
	GlobalSection(SolutionProperties) = preSolution
		HideSolutionNode = FALSE
	EndGlobalSection
EndGlobal
