<?xml version="1.0" encoding="utf-8"?>
<Project ToolsVersion="4.0" xmlns="http://schemas.microsoft.com/developer/msbuild/2003">
  <ItemGroup>
    <Filter Include="carnival">
      <UniqueIdentifier>{5648E07A-FECA-1BAD-6F83-8EE107582455}</UniqueIdentifier>
      <Extensions>cpp;cxx;cc;c;C</Extensions>
    </Filter>
    <Filter Include="located">
      <UniqueIdentifier>{6A956234-FECA-1BAD-6F83-8EE107582455}</UniqueIdentifier>
      <Extensions>cpp;cxx;cc;c;C</Extensions>
    </Filter>
    <Filter Include="Source Files">
      <UniqueIdentifier>{B1F27843-FECA-1BAD-6F83-8EE107582455}</UniqueIdentifier>
      <Extensions>cpp;cxx;cc;c;C</Extensions>
    </Filter>
    <Filter Include="carnival">
      <UniqueIdentifier>{5648E07A-FECA-1BAD-6F83-8EE107582455}</UniqueIdentifier>
      <Extensions>h;hpp;hxx;hh</Extensions>
    </Filter>
    <Filter Include="Header Files">
      <UniqueIdentifier>{06319535-FECA-1BAD-6F83-8EE107582455}</UniqueIdentifier>
      <Extensions>h;hpp;hxx;hh</Extensions>
    </Filter>
    <Filter Include="Cppgen Files">
      <UniqueIdentifier>{3B96BD42-FECA-1BAD-6F83-8EE107582455}</UniqueIdentifier>
      <Extensions>r</Extensions>
    </Filter>
    <Filter Include="located">
      <UniqueIdentifier>{6A956234-FECA-1BAD-6F83-8EE107582455}</UniqueIdentifier>
      <Extensions>i;ipp;inl</Extensions>
    </Filter>
    <Filter Include="Inline Files">
      <UniqueIdentifier>{763028EF-FECA-1BAD-6F83-8EE107582455}</UniqueIdentifier>
      <Extensions>i;ipp;inl</Extensions>
    </Filter>
  </ItemGroup>
  <ItemGroup>
    <ClCompile Include="clown.cpp">
      <Filter>carnival</Filter>
    </ClCompile>
    <ClCompile Include="other.cpp">
      <Filter>located</Filter>
    </ClCompile>
  </ItemGroup>
  <ItemGroup>
    <ClInclude Include="clown.h">
      <Filter>carnival</Filter>
    </ClInclude>
  </ItemGroup>
  <ItemGroup>
    <CustomBuild Include="clown.r">
      <Filter>Cppgen Files</Filter>
    </CustomBuild>
  </ItemGroup>
  <ItemGroup>
    <None Include="other.inl">
      <Filter>located</Filter>
    </None>
  </ItemGroup>
</Project>
