
Microsoft Visual Studio Solution File, Format Version 11.00
# Visual Studio 2010
# $Id$
#
# This file was generated by MPC.  Any changes made directly to
# this file will be lost the next time it is generated.
#
# MPC Command:
# /tao_builds/mitza/MPC/mwc.pl -include config -type vc10 -language java -name_modifier "*_java" -apply_project -value_project "exename=this test" -value_project includes-=nothing
Project("{E6FDF86B-F3D1-11D4-8576-0002A516ECE8}") = "java_java", "java_java.vjsproj", "{F09DB2F5-FECA-1BAD-0000-000000000000}"
EndProject
Global
	GlobalSection(SolutionConfigurationPlatforms) = preSolution
		Debug|Any CPU = Debug|Any CPU
		Release|Any CPU = Release|Any CPU
	EndGlobalSection
	GlobalSection(ProjectConfigurationPlatforms) = postSolution
		{F09DB2F5-FECA-1BAD-0000-000000000000}.Debug|Any CPU.ActiveCfg = Debug|Any CPU
		{F09DB2F5-FECA-1BAD-0000-000000000000}.Debug|Any CPU.Build.0 = Debug|Any CPU
		{F09DB2F5-FECA-1BAD-0000-000000000000}.Release|Any CPU.ActiveCfg = Release|Any CPU
		{F09DB2F5-FECA-1BAD-0000-000000000000}.Release|Any CPU.Build.0 = Release|Any CPU
	EndGlobalSection
	GlobalSection(SolutionProperties) = preSolution
		HideSolutionNode = FALSE
	EndGlobalSection
EndGlobal
