<?xml version="1.0" encoding="utf-8"?>
<Project ToolsVersion="4.0" xmlns="http://schemas.microsoft.com/developer/msbuild/2003">
  <ItemGroup>
    <Filter Include="Source Files">
      <UniqueIdentifier>{B1F27843-FECA-1BAD-2E20-8A0B07582455}</UniqueIdentifier>
      <Extensions>cpp;cxx;cc;c;C</Extensions>
    </Filter>
    <Filter Include="Header Files">
      <UniqueIdentifier>{06319535-FECA-1BAD-2E20-8A0B07582455}</UniqueIdentifier>
      <Extensions>h;hpp;hxx;hh</Extensions>
    </Filter>
    <Filter Include="Zar Files">
      <UniqueIdentifier>{6790FA5F-FECA-1BAD-2E20-8A0B07582455}</UniqueIdentifier>
      <Extensions>zar</Extensions>
    </Filter>
    <Filter Include="Inline Files">
      <UniqueIdentifier>{763028EF-FECA-1BAD-2E20-8A0B07582455}</UniqueIdentifier>
      <Extensions>i;ipp;inl</Extensions>
    </Filter>
  </ItemGroup>
  <ItemGroup>
    <ClCompile Include="other\zar_otherA.cpp">
      <Filter>Source Files</Filter>
    </ClCompile>
    <ClCompile Include="other\zar_otherB.cpp">
      <Filter>Source Files</Filter>
    </ClCompile>
  </ItemGroup>
  <ItemGroup>
    <ClInclude Include="other\zar_otherA.h">
      <Filter>Header Files</Filter>
    </ClInclude>
    <ClInclude Include="other\zar_otherB.h">
      <Filter>Header Files</Filter>
    </ClInclude>
    <ClInclude Include="other\zar_otherC.h">
      <Filter>Header Files</Filter>
    </ClInclude>
  </ItemGroup>
  <ItemGroup>
    <CustomBuild Include="other\other.poo">
      <Filter>Zar Files</Filter>
    </CustomBuild>
  </ItemGroup>
  <ItemGroup>
    <None Include="other\zar_otherA.inl">
      <Filter>Inline Files</Filter>
    </None>
    <None Include="other\zar_otherB.inl">
      <Filter>Inline Files</Filter>
    </None>
  </ItemGroup>
</Project>
