
Microsoft Visual Studio Solution File, Format Version 9.00
# Visual Studio 2005
# $Id$
#
# This file was generated by MPC.  Any changes made directly to
# this file will be lost the next time it is generated.
#
# MPC Command:
# /tao_builds/chad/ocitao/ACE_wrappers/build/linux/bin/mwc.pl -include config -type vc8 -ti dll_exe:foo
Project("{8BC9CEB8-8B4A-11D0-8D11-00A0C91BC942}") = "template_input", "template_input.vcproj", "{0B7FB782-FECA-1BAD-0000-0000D2C04618}"
EndProject
Global
	GlobalSection(SolutionConfigurationPlatforms) = preSolution
	EndGlobalSection
	GlobalSection(ProjectConfigurationPlatforms) = postSolution
	EndGlobalSection
	GlobalSection(SolutionProperties) = preSolution
		HideSolutionNode = FALSE
	EndGlobalSection
EndGlobal
