<?xml version="1.0" encoding="utf-8"?>
<Project ToolsVersion="4.0" xmlns="http://schemas.microsoft.com/developer/msbuild/2003">
  <ItemGroup>
    <Filter Include="Source Files">
      <UniqueIdentifier>{B1F27843-FECA-1BAD-4415-8A6507582455}</UniqueIdentifier>
      <Extensions>cpp;cxx;cc;c;C</Extensions>
    </Filter>
    <Filter Include="Header Files">
      <UniqueIdentifier>{06319535-FECA-1BAD-4415-8A6507582455}</UniqueIdentifier>
      <Extensions>h;hpp;hxx;hh</Extensions>
    </Filter>
  </ItemGroup>
  <ItemGroup>
    <ClCompile Include="conditional\windows.cpp">
      <Filter>Source Files</Filter>
    </ClCompile>
    <ClCompile Include="moop.cxx">
      <Filter>Source Files</Filter>
    </ClCompile>
    <ClCompile Include="ploor.cpp">
      <Filter>Source Files</Filter>
    </ClCompile>
    <ClCompile Include="qwaaa.c">
      <Filter>Source Files</Filter>
    </ClCompile>
  </ItemGroup>
  <ItemGroup>
    <ClInclude Include="qwaaa.h">
      <Filter>Header Files</Filter>
    </ClInclude>
  </ItemGroup>
</Project>
