
Microsoft Visual Studio Solution File, Format Version 9.00
# Visual Studio 2005
# $Id: VC8WorkspaceCreator.pm,v 1.4 2005/10/13 21:26:00 shuston Exp $
#
# This file was generated by MPC.  Any changes made directly to
# this file will be lost the next time it is generated.
#
# MPC Command:
# /home/elliottc/current/MPC/mwc.pl -include config -type vc8
Project("{8BC9CEB8-8B4A-11D0-8D11-00A0C91BC942}") = "DomainApplicationManager", "DomainApplicationManager\DomainApplicationManager.vcproj", "{31385C1E-FECA-1BAD-834D-C82CCED295E1}"
	ProjectSection(ProjectDependencies) = postProject
		{489360E9-FECA-1BAD-7922-816B3AF2F5DE} = {489360E9-FECA-1BAD-7922-816B3AF2F5DE}
	EndProjectSection
EndProject
Project("{8BC9CEB8-8B4A-11D0-8D11-00A0C91BC942}") = "NodeApplication", "NodeApplication\NodeApplication.vcproj", "{C38156F3-FECA-1BAD-299A-C5F52BAAD0FD}"
EndProject
Project("{8BC9CEB8-8B4A-11D0-8D11-00A0C91BC942}") = "RTNA_Configurator", "NodeApplication\RTNA_Configurator.vcproj", "{76A6C207-FECA-1BAD-299A-C5F52BAAD0FD}"
EndProject
Project("{8BC9CEB8-8B4A-11D0-8D11-00A0C91BC942}") = "NodeApplicationManager", "NodeApplicationManager\NodeApplicationManager.vcproj", "{73EBB1AE-FECA-1BAD-5349-E51259B24C5D}"
EndProject
Project("{8BC9CEB8-8B4A-11D0-8D11-00A0C91BC942}") = "Monitor_Monitorlib", "NodeManager\Monitor_Monitorlib.vcproj", "{91E6F06E-FECA-1BAD-E280-816B3AF2F5DE}"
EndProject
Project("{8BC9CEB8-8B4A-11D0-8D11-00A0C91BC942}") = "NodeManager", "NodeManager\NodeManager.vcproj", "{08037318-FECA-1BAD-7922-816B3AF2F5DE}"
	ProjectSection(ProjectDependencies) = postProject
		{73EBB1AE-FECA-1BAD-5349-E51259B24C5D} = {73EBB1AE-FECA-1BAD-5349-E51259B24C5D}
		{489360E9-FECA-1BAD-7922-816B3AF2F5DE} = {489360E9-FECA-1BAD-7922-816B3AF2F5DE}
		{6C6E2A4B-FECA-1BAD-7522-813B81F68BD9} = {6C6E2A4B-FECA-1BAD-7522-813B81F68BD9}
	EndProjectSection
EndProject
Project("{8BC9CEB8-8B4A-11D0-8D11-00A0C91BC942}") = "NodeManager_stub", "NodeManager\NodeManager_stub.vcproj", "{489360E9-FECA-1BAD-7922-816B3AF2F5DE}"
EndProject
Project("{8BC9CEB8-8B4A-11D0-8D11-00A0C91BC942}") = "lib", "NodeManager\lib.vcproj", "{09047295-FECA-1BAD-7922-816B3AF2F5DE}"
	ProjectSection(ProjectDependencies) = postProject
		{73EBB1AE-FECA-1BAD-5349-E51259B24C5D} = {73EBB1AE-FECA-1BAD-5349-E51259B24C5D}
		{489360E9-FECA-1BAD-7922-816B3AF2F5DE} = {489360E9-FECA-1BAD-7922-816B3AF2F5DE}
		{6C6E2A4B-FECA-1BAD-7522-813B81F68BD9} = {6C6E2A4B-FECA-1BAD-7522-813B81F68BD9}
	EndProjectSection
EndProject
Project("{8BC9CEB8-8B4A-11D0-8D11-00A0C91BC942}") = "CIAO_TargetManager_exec", "TargetManager\CIAO_TargetManager_exec.vcproj", "{7C6E2C4B-FECA-1BAD-7522-813B81F68BD9}"
	ProjectSection(ProjectDependencies) = postProject
		{0C6E2A41-FECA-1BAD-7522-813B81F68BD9} = {0C6E2A41-FECA-1BAD-7522-813B81F68BD9}
		{31385C1E-FECA-1BAD-834D-C82CCED295E1} = {31385C1E-FECA-1BAD-834D-C82CCED295E1}
	EndProjectSection
EndProject
Project("{8BC9CEB8-8B4A-11D0-8D11-00A0C91BC942}") = "CIAO_TargetManager_stub", "TargetManager\CIAO_TargetManager_stub.vcproj", "{6C6E2A4B-FECA-1BAD-7522-813B81F68BD9}"
EndProject
Project("{8BC9CEB8-8B4A-11D0-8D11-00A0C91BC942}") = "CIAO_TargetManager_svnt", "TargetManager\CIAO_TargetManager_svnt.vcproj", "{0C6E2A41-FECA-1BAD-7522-813B81F68BD9}"
	ProjectSection(ProjectDependencies) = postProject
		{6C6E2A4B-FECA-1BAD-7522-813B81F68BD9} = {6C6E2A4B-FECA-1BAD-7522-813B81F68BD9}
	EndProjectSection
EndProject
Project("{8BC9CEB8-8B4A-11D0-8D11-00A0C91BC942}") = "TMClient", "TargetManager\TMClient.vcproj", "{69017B93-FECA-1BAD-F396-816981F68BD9}"
	ProjectSection(ProjectDependencies) = postProject
		{6C6E2A4B-FECA-1BAD-7522-813B81F68BD9} = {6C6E2A4B-FECA-1BAD-7522-813B81F68BD9}
	EndProjectSection
EndProject
Global
	GlobalSection(SolutionConfigurationPlatforms) = preSolution
		Debug|Win32 = Debug|Win32
		Debug|x64 = Debug|x64
		Release|Win32 = Release|Win32
		Release|x64 = Release|x64
	EndGlobalSection
	GlobalSection(ProjectConfigurationPlatforms) = postSolution
		{31385C1E-FECA-1BAD-834D-C82CCED295E1}.Debug|Win32.ActiveCfg = Debug|Win32
		{31385C1E-FECA-1BAD-834D-C82CCED295E1}.Debug|Win32.Build.0 = Debug|Win32
		{31385C1E-FECA-1BAD-834D-C82CCED295E1}.Debug|x64.ActiveCfg = Debug|x64
		{31385C1E-FECA-1BAD-834D-C82CCED295E1}.Debug|x64.Build.0 = Debug|x64
		{31385C1E-FECA-1BAD-834D-C82CCED295E1}.Release|Win32.ActiveCfg = Release|Win32
		{31385C1E-FECA-1BAD-834D-C82CCED295E1}.Release|Win32.Build.0 = Release|Win32
		{31385C1E-FECA-1BAD-834D-C82CCED295E1}.Release|x64.ActiveCfg = Release|x64
		{31385C1E-FECA-1BAD-834D-C82CCED295E1}.Release|x64.Build.0 = Release|x64
		{C38156F3-FECA-1BAD-299A-C5F52BAAD0FD}.Debug|Win32.ActiveCfg = Debug|Win32
		{C38156F3-FECA-1BAD-299A-C5F52BAAD0FD}.Debug|Win32.Build.0 = Debug|Win32
		{C38156F3-FECA-1BAD-299A-C5F52BAAD0FD}.Debug|x64.ActiveCfg = Debug|x64
		{C38156F3-FECA-1BAD-299A-C5F52BAAD0FD}.Debug|x64.Build.0 = Debug|x64
		{C38156F3-FECA-1BAD-299A-C5F52BAAD0FD}.Release|Win32.ActiveCfg = Release|Win32
		{C38156F3-FECA-1BAD-299A-C5F52BAAD0FD}.Release|Win32.Build.0 = Release|Win32
		{C38156F3-FECA-1BAD-299A-C5F52BAAD0FD}.Release|x64.ActiveCfg = Release|x64
		{C38156F3-FECA-1BAD-299A-C5F52BAAD0FD}.Release|x64.Build.0 = Release|x64
		{76A6C207-FECA-1BAD-299A-C5F52BAAD0FD}.Debug|Win32.ActiveCfg = Debug|Win32
		{76A6C207-FECA-1BAD-299A-C5F52BAAD0FD}.Debug|Win32.Build.0 = Debug|Win32
		{76A6C207-FECA-1BAD-299A-C5F52BAAD0FD}.Debug|x64.ActiveCfg = Debug|x64
		{76A6C207-FECA-1BAD-299A-C5F52BAAD0FD}.Debug|x64.Build.0 = Debug|x64
		{76A6C207-FECA-1BAD-299A-C5F52BAAD0FD}.Release|Win32.ActiveCfg = Release|Win32
		{76A6C207-FECA-1BAD-299A-C5F52BAAD0FD}.Release|Win32.Build.0 = Release|Win32
		{76A6C207-FECA-1BAD-299A-C5F52BAAD0FD}.Release|x64.ActiveCfg = Release|x64
		{76A6C207-FECA-1BAD-299A-C5F52BAAD0FD}.Release|x64.Build.0 = Release|x64
		{73EBB1AE-FECA-1BAD-5349-E51259B24C5D}.Debug|Win32.ActiveCfg = Debug|Win32
		{73EBB1AE-FECA-1BAD-5349-E51259B24C5D}.Debug|Win32.Build.0 = Debug|Win32
		{73EBB1AE-FECA-1BAD-5349-E51259B24C5D}.Debug|x64.ActiveCfg = Debug|x64
		{73EBB1AE-FECA-1BAD-5349-E51259B24C5D}.Debug|x64.Build.0 = Debug|x64
		{73EBB1AE-FECA-1BAD-5349-E51259B24C5D}.Release|Win32.ActiveCfg = Release|Win32
		{73EBB1AE-FECA-1BAD-5349-E51259B24C5D}.Release|Win32.Build.0 = Release|Win32
		{73EBB1AE-FECA-1BAD-5349-E51259B24C5D}.Release|x64.ActiveCfg = Release|x64
		{73EBB1AE-FECA-1BAD-5349-E51259B24C5D}.Release|x64.Build.0 = Release|x64
		{91E6F06E-FECA-1BAD-E280-816B3AF2F5DE}.Debug|Win32.ActiveCfg = Debug|Win32
		{91E6F06E-FECA-1BAD-E280-816B3AF2F5DE}.Debug|Win32.Build.0 = Debug|Win32
		{91E6F06E-FECA-1BAD-E280-816B3AF2F5DE}.Debug|x64.ActiveCfg = Debug|x64
		{91E6F06E-FECA-1BAD-E280-816B3AF2F5DE}.Debug|x64.Build.0 = Debug|x64
		{91E6F06E-FECA-1BAD-E280-816B3AF2F5DE}.Release|Win32.ActiveCfg = Release|Win32
		{91E6F06E-FECA-1BAD-E280-816B3AF2F5DE}.Release|Win32.Build.0 = Release|Win32
		{91E6F06E-FECA-1BAD-E280-816B3AF2F5DE}.Release|x64.ActiveCfg = Release|x64
		{91E6F06E-FECA-1BAD-E280-816B3AF2F5DE}.Release|x64.Build.0 = Release|x64
		{08037318-FECA-1BAD-7922-816B3AF2F5DE}.Debug|Win32.ActiveCfg = Debug|Win32
		{08037318-FECA-1BAD-7922-816B3AF2F5DE}.Debug|Win32.Build.0 = Debug|Win32
		{08037318-FECA-1BAD-7922-816B3AF2F5DE}.Debug|x64.ActiveCfg = Debug|x64
		{08037318-FECA-1BAD-7922-816B3AF2F5DE}.Debug|x64.Build.0 = Debug|x64
		{08037318-FECA-1BAD-7922-816B3AF2F5DE}.Release|Win32.ActiveCfg = Release|Win32
		{08037318-FECA-1BAD-7922-816B3AF2F5DE}.Release|Win32.Build.0 = Release|Win32
		{08037318-FECA-1BAD-7922-816B3AF2F5DE}.Release|x64.ActiveCfg = Release|x64
		{08037318-FECA-1BAD-7922-816B3AF2F5DE}.Release|x64.Build.0 = Release|x64
		{489360E9-FECA-1BAD-7922-816B3AF2F5DE}.Debug|Win32.ActiveCfg = Debug|Win32
		{489360E9-FECA-1BAD-7922-816B3AF2F5DE}.Debug|Win32.Build.0 = Debug|Win32
		{489360E9-FECA-1BAD-7922-816B3AF2F5DE}.Debug|x64.ActiveCfg = Debug|x64
		{489360E9-FECA-1BAD-7922-816B3AF2F5DE}.Debug|x64.Build.0 = Debug|x64
		{489360E9-FECA-1BAD-7922-816B3AF2F5DE}.Release|Win32.ActiveCfg = Release|Win32
		{489360E9-FECA-1BAD-7922-816B3AF2F5DE}.Release|Win32.Build.0 = Release|Win32
		{489360E9-FECA-1BAD-7922-816B3AF2F5DE}.Release|x64.ActiveCfg = Release|x64
		{489360E9-FECA-1BAD-7922-816B3AF2F5DE}.Release|x64.Build.0 = Release|x64
		{09047295-FECA-1BAD-7922-816B3AF2F5DE}.Debug|Win32.ActiveCfg = Debug|Win32
		{09047295-FECA-1BAD-7922-816B3AF2F5DE}.Debug|Win32.Build.0 = Debug|Win32
		{09047295-FECA-1BAD-7922-816B3AF2F5DE}.Debug|x64.ActiveCfg = Debug|x64
		{09047295-FECA-1BAD-7922-816B3AF2F5DE}.Debug|x64.Build.0 = Debug|x64
		{09047295-FECA-1BAD-7922-816B3AF2F5DE}.Release|Win32.ActiveCfg = Release|Win32
		{09047295-FECA-1BAD-7922-816B3AF2F5DE}.Release|Win32.Build.0 = Release|Win32
		{09047295-FECA-1BAD-7922-816B3AF2F5DE}.Release|x64.ActiveCfg = Release|x64
		{09047295-FECA-1BAD-7922-816B3AF2F5DE}.Release|x64.Build.0 = Release|x64
		{7C6E2C4B-FECA-1BAD-7522-813B81F68BD9}.Debug|Win32.ActiveCfg = Debug|Win32
		{7C6E2C4B-FECA-1BAD-7522-813B81F68BD9}.Debug|Win32.Build.0 = Debug|Win32
		{7C6E2C4B-FECA-1BAD-7522-813B81F68BD9}.Debug|x64.ActiveCfg = Debug|x64
		{7C6E2C4B-FECA-1BAD-7522-813B81F68BD9}.Debug|x64.Build.0 = Debug|x64
		{7C6E2C4B-FECA-1BAD-7522-813B81F68BD9}.Release|Win32.ActiveCfg = Release|Win32
		{7C6E2C4B-FECA-1BAD-7522-813B81F68BD9}.Release|Win32.Build.0 = Release|Win32
		{7C6E2C4B-FECA-1BAD-7522-813B81F68BD9}.Release|x64.ActiveCfg = Release|x64
		{7C6E2C4B-FECA-1BAD-7522-813B81F68BD9}.Release|x64.Build.0 = Release|x64
		{6C6E2A4B-FECA-1BAD-7522-813B81F68BD9}.Debug|Win32.ActiveCfg = Debug|Win32
		{6C6E2A4B-FECA-1BAD-7522-813B81F68BD9}.Debug|Win32.Build.0 = Debug|Win32
		{6C6E2A4B-FECA-1BAD-7522-813B81F68BD9}.Debug|x64.ActiveCfg = Debug|x64
		{6C6E2A4B-FECA-1BAD-7522-813B81F68BD9}.Debug|x64.Build.0 = Debug|x64
		{6C6E2A4B-FECA-1BAD-7522-813B81F68BD9}.Release|Win32.ActiveCfg = Release|Win32
		{6C6E2A4B-FECA-1BAD-7522-813B81F68BD9}.Release|Win32.Build.0 = Release|Win32
		{6C6E2A4B-FECA-1BAD-7522-813B81F68BD9}.Release|x64.ActiveCfg = Release|x64
		{6C6E2A4B-FECA-1BAD-7522-813B81F68BD9}.Release|x64.Build.0 = Release|x64
		{0C6E2A41-FECA-1BAD-7522-813B81F68BD9}.Debug|Win32.ActiveCfg = Debug|Win32
		{0C6E2A41-FECA-1BAD-7522-813B81F68BD9}.Debug|Win32.Build.0 = Debug|Win32
		{0C6E2A41-FECA-1BAD-7522-813B81F68BD9}.Debug|x64.ActiveCfg = Debug|x64
		{0C6E2A41-FECA-1BAD-7522-813B81F68BD9}.Debug|x64.Build.0 = Debug|x64
		{0C6E2A41-FECA-1BAD-7522-813B81F68BD9}.Release|Win32.ActiveCfg = Release|Win32
		{0C6E2A41-FECA-1BAD-7522-813B81F68BD9}.Release|Win32.Build.0 = Release|Win32
		{0C6E2A41-FECA-1BAD-7522-813B81F68BD9}.Release|x64.ActiveCfg = Release|x64
		{0C6E2A41-FECA-1BAD-7522-813B81F68BD9}.Release|x64.Build.0 = Release|x64
		{69017B93-FECA-1BAD-F396-816981F68BD9}.Debug|Win32.ActiveCfg = Debug|Win32
		{69017B93-FECA-1BAD-F396-816981F68BD9}.Debug|Win32.Build.0 = Debug|Win32
		{69017B93-FECA-1BAD-F396-816981F68BD9}.Debug|x64.ActiveCfg = Debug|x64
		{69017B93-FECA-1BAD-F396-816981F68BD9}.Debug|x64.Build.0 = Debug|x64
		{69017B93-FECA-1BAD-F396-816981F68BD9}.Release|Win32.ActiveCfg = Release|Win32
		{69017B93-FECA-1BAD-F396-816981F68BD9}.Release|Win32.Build.0 = Release|Win32
		{69017B93-FECA-1BAD-F396-816981F68BD9}.Release|x64.ActiveCfg = Release|x64
		{69017B93-FECA-1BAD-F396-816981F68BD9}.Release|x64.Build.0 = Release|x64
	EndGlobalSection
	GlobalSection(SolutionProperties) = preSolution
		HideSolutionNode = FALSE
	EndGlobalSection
EndGlobal
