Microsoft Visual Studio Solution File, Format Version 8.00
#
# $Id$
#
# This file was generated by MPC.  Any changes made directly to
# this file will be lost the next time it is generated.
#
# MPC Command:
# /home/elliottc/current/MPC/mwc.pl -include config -type vc71
Project("{8BC9CEB8-8B4A-11D0-8D11-00A0C91BC942}") = "src", "src\src.vcproj", "{190473DE-FECA-1BAD-7441-8A63549BCD60}"
	ProjectSection(ProjectDependencies) = postProject
	EndProjectSection
EndProject
Global
	GlobalSection(SolutionConfiguration) = preSolution
		Debug = Debug
		Release = Release
	EndGlobalSection
	GlobalSection(ProjectConfiguration) = postSolution
		{190473DE-FECA-1BAD-7441-8A63549BCD60}.Debug.ActiveCfg = Debug|Win32
		{190473DE-FECA-1BAD-7441-8A63549BCD60}.Debug.Build.0 = Debug|Win32
		{190473DE-FECA-1BAD-7441-8A63549BCD60}.Release.ActiveCfg = Release|Win32
		{190473DE-FECA-1BAD-7441-8A63549BCD60}.Release.Build.0 = Release|Win32
	EndGlobalSection
	GlobalSection(ExtensibilityGlobals) = postSolution
	EndGlobalSection
	GlobalSection(ExtensibilityAddIns) = postSolution
	EndGlobalSection
EndGlobal
