Microsoft Visual Studio Solution File, Format Version 7.00
#
# $Id$
#
# This file was generated by MPC.  Any changes made directly to
# this file will be lost the next time it is generated.
#
# MPC Command:
# /tao_builds/chad/doc/build/linux/ACE/bin/mwc.pl -include config -type vc7 -recurse -name_modifier "*_testing"
Project("{8BC9CEB8-8B4A-11D0-8D11-00A0C91BC942}") = "bar", "src\bar_testing.vcproj", "{21263024-FECA-1BAD-6460-8A637B8F2384}"
EndProject
Project("{8BC9CEB8-8B4A-11D0-8D11-00A0C91BC942}") = "foo", "src\foo_testing.vcproj", "{F126306B-FECA-1BAD-609D-8A637B8F2384}"
EndProject
Global
	GlobalSection(SolutionConfiguration) = preSolution
		ConfigName.0 = Debug
		ConfigName.1 = Release
	EndGlobalSection
	GlobalSection(ProjectDependencies) = postSolution
		{21263024-FECA-1BAD-6460-8A637B8F2384}.0 = {F126306B-FECA-1BAD-609D-8A637B8F2384}
	EndGlobalSection
	GlobalSection(ProjectConfiguration) = postSolution
		{21263024-FECA-1BAD-6460-8A637B8F2384}.Debug.ActiveCfg = Debug|Win32
		{21263024-FECA-1BAD-6460-8A637B8F2384}.Debug.Build.0 = Debug|Win32
		{21263024-FECA-1BAD-6460-8A637B8F2384}.Release.ActiveCfg = Release|Win32
		{21263024-FECA-1BAD-6460-8A637B8F2384}.Release.Build.0 = Release|Win32
		{F126306B-FECA-1BAD-609D-8A637B8F2384}.Debug.ActiveCfg = Debug|Win32
		{F126306B-FECA-1BAD-609D-8A637B8F2384}.Debug.Build.0 = Debug|Win32
		{F126306B-FECA-1BAD-609D-8A637B8F2384}.Release.ActiveCfg = Release|Win32
		{F126306B-FECA-1BAD-609D-8A637B8F2384}.Release.Build.0 = Release|Win32
	EndGlobalSection
	GlobalSection(ExtensibilityGlobals) = postSolution
	EndGlobalSection
	GlobalSection(ExtensibilityAddIns) = postSolution
	EndGlobalSection
EndGlobal
