Microsoft Visual Studio Solution File, Format Version 8.00
#
# $Id: VC71WorkspaceCreator.pm,v 1.7 2006/01/25 17:42:09 elliott_c Exp $
#
# This file was generated by MPC.  Any changes made directly to
# this file will be lost the next time it is generated.
#
# MPC Command:
# /tao_builds/chad/ocitao/ACE_wrappers/build/static_with_clone/bin/mwc.pl -include config -type vc71 mixed_languages.mwc
Project("{8BC9CEB8-8B4A-11D0-8D11-00A0C91BC942}") = "base", "base\base.vcproj", "{7904709F-FECA-1BAD-4657-8A65C1753E10}"
	ProjectSection(ProjectDependencies) = postProject
	EndProjectSection
EndProject
Project("{8BC9CEB8-8B4A-11D0-8D11-00A0C91BC942}") = "basic", "basic\basic.vcproj", "{19027295-FECA-1BAD-609D-8A63B7C2E34F}"
	ProjectSection(ProjectDependencies) = postProject
		{7904709F-FECA-1BAD-4657-8A65C1753E10} = {7904709F-FECA-1BAD-4657-8A65C1753E10}
		{28407A9F-FECA-1BAD-E652-8C66753DA3CB} = {28407A9F-FECA-1BAD-E652-8C66753DA3CB}
	EndProjectSection
EndProject
Project("{FAE04EC0-301F-11D3-BF4B-00C04F79EFBC}") = "csharp", "csharp\csharp.csproj", "{28407A9F-FECA-1BAD-E652-8C66753DA3CB}"
	ProjectSection(ProjectDependencies) = postProject
	EndProjectSection
EndProject
Global
	GlobalSection(SolutionConfiguration) = preSolution
		Debug = Debug
		Release = Release
	EndGlobalSection
	GlobalSection(ProjectConfiguration) = postSolution
		{7904709F-FECA-1BAD-4657-8A65C1753E10}.Debug.ActiveCfg = Debug|Win32
		{7904709F-FECA-1BAD-4657-8A65C1753E10}.Debug.Build.0 = Debug|Win32
		{7904709F-FECA-1BAD-4657-8A65C1753E10}.Release.ActiveCfg = Release|Win32
		{7904709F-FECA-1BAD-4657-8A65C1753E10}.Release.Build.0 = Release|Win32
		{19027295-FECA-1BAD-609D-8A63B7C2E34F}.Debug.ActiveCfg = Debug|Win32
		{19027295-FECA-1BAD-609D-8A63B7C2E34F}.Debug.Build.0 = Debug|Win32
		{19027295-FECA-1BAD-609D-8A63B7C2E34F}.Release.ActiveCfg = Release|Win32
		{19027295-FECA-1BAD-609D-8A63B7C2E34F}.Release.Build.0 = Release|Win32
		{28407A9F-FECA-1BAD-E652-8C66753DA3CB}.Debug.ActiveCfg = Debug|.NET
		{28407A9F-FECA-1BAD-E652-8C66753DA3CB}.Debug.Build.0 = Debug|.NET
		{28407A9F-FECA-1BAD-E652-8C66753DA3CB}.Release.ActiveCfg = Release|.NET
		{28407A9F-FECA-1BAD-E652-8C66753DA3CB}.Release.Build.0 = Release|.NET
	EndGlobalSection
	GlobalSection(ExtensibilityGlobals) = postSolution
	EndGlobalSection
	GlobalSection(ExtensibilityAddIns) = postSolution
	EndGlobalSection
EndGlobal
