Microsoft Visual Studio Solution File, Format Version 7.00
#
# $Id$
#
# This file was generated by MPC.  Any changes made directly to
# this file will be lost the next time it is generated.
#
# MPC Command:
# /tao_builds/chad/ocitao/ACE_wrappers/build/linux/bin/mwc.pl -include config -type vc7 mixed_languages_refs.mwc
Project("{8BC9CEB8-8B4A-11D0-8D11-00A0C91BC942}") = "n", "n\n.vcproj", "{C904749C-FECA-1BAD-006C-8A633C01B20F}"
EndProject
Project("{8BC9CEB8-8B4A-11D0-8D11-00A0C91BC942}") = "o", "o\o.vcproj", "{D904749C-FECA-1BAD-006D-8A633C01B20E}"
EndProject
Project("{8BC9CEB8-8B4A-11D0-8D11-00A0C91BC942}") = "r", "r\r.vcproj", "{0904749D-FECA-1BAD-0070-8A633C01B213}"
EndProject
Project("{FAE04EC0-301F-11D3-BF4B-00C04F79EFBC}") = "z", "z\z.csproj", "{8844749D-FECA-1BAD-0078-8A633C01B21B}"
EndProject
Global
	GlobalSection(SolutionConfiguration) = preSolution
		ConfigName.0 = Debug
		ConfigName.1 = Release
	EndGlobalSection
	GlobalSection(ProjectDependencies) = postSolution
		{D904749C-FECA-1BAD-006D-8A633C01B20E}.0 = {0904749D-FECA-1BAD-0070-8A633C01B213}
		{D904749C-FECA-1BAD-006D-8A633C01B20E}.1 = {C904749C-FECA-1BAD-006C-8A633C01B20F}
		{8844749D-FECA-1BAD-0078-8A633C01B21B}.0 = {0904749D-FECA-1BAD-0070-8A633C01B213}
		{8844749D-FECA-1BAD-0078-8A633C01B21B}.1 = {C904749C-FECA-1BAD-006C-8A633C01B20F}
		{8844749D-FECA-1BAD-0078-8A633C01B21B}.2 = {D904749C-FECA-1BAD-006D-8A633C01B20E}
	EndGlobalSection
	GlobalSection(ProjectConfiguration) = postSolution
		{C904749C-FECA-1BAD-006C-8A633C01B20F}.Debug.ActiveCfg = Debug|Win32
		{C904749C-FECA-1BAD-006C-8A633C01B20F}.Debug.Build.0 = Debug|Win32
		{C904749C-FECA-1BAD-006C-8A633C01B20F}.Release.ActiveCfg = Release|Win32
		{C904749C-FECA-1BAD-006C-8A633C01B20F}.Release.Build.0 = Release|Win32
		{D904749C-FECA-1BAD-006D-8A633C01B20E}.Debug.ActiveCfg = Debug|Win32
		{D904749C-FECA-1BAD-006D-8A633C01B20E}.Debug.Build.0 = Debug|Win32
		{D904749C-FECA-1BAD-006D-8A633C01B20E}.Release.ActiveCfg = Release|Win32
		{D904749C-FECA-1BAD-006D-8A633C01B20E}.Release.Build.0 = Release|Win32
		{0904749D-FECA-1BAD-0070-8A633C01B213}.Debug.ActiveCfg = Debug|Win32
		{0904749D-FECA-1BAD-0070-8A633C01B213}.Debug.Build.0 = Debug|Win32
		{0904749D-FECA-1BAD-0070-8A633C01B213}.Release.ActiveCfg = Release|Win32
		{0904749D-FECA-1BAD-0070-8A633C01B213}.Release.Build.0 = Release|Win32
		{8844749D-FECA-1BAD-0078-8A633C01B21B}.Debug.ActiveCfg = Debug|.NET
		{8844749D-FECA-1BAD-0078-8A633C01B21B}.Debug.Build.0 = Debug|.NET
		{8844749D-FECA-1BAD-0078-8A633C01B21B}.Release.ActiveCfg = Release|.NET
		{8844749D-FECA-1BAD-0078-8A633C01B21B}.Release.Build.0 = Release|.NET
	EndGlobalSection
	GlobalSection(ExtensibilityGlobals) = postSolution
	EndGlobalSection
	GlobalSection(ExtensibilityAddIns) = postSolution
	EndGlobalSection
EndGlobal
