
Microsoft Visual Studio Solution File, Format Version 11.00
# Visual Studio 2010
# $Id$
#
# This file was generated by MPC.  Any changes made directly to
# this file will be lost the next time it is generated.
#
# MPC Command:
# /tao_builds/mitza/MPC/mwc.pl -include config -type vc10 mixed_languages_refs.mwc
Project("{8BC9CEB8-8B4A-11D0-8D11-00A0C91BC942}") = "n", "n\n.vcxproj", "{10B456A7-FECA-1BAD-006C-8A630000006E}"
EndProject
Project("{8BC9CEB8-8B4A-11D0-8D11-00A0C91BC942}") = "o", "o\o.vcxproj", "{10B456A6-FECA-1BAD-006D-8A630000006F}"
	ProjectSection(ProjectDependencies) = postProject
		{10B456BB-FECA-1BAD-0070-8A6300000072} = {10B456BB-FECA-1BAD-0070-8A6300000072}
		{10B456A7-FECA-1BAD-006C-8A630000006E} = {10B456A7-FECA-1BAD-006C-8A630000006E}
	EndProjectSection
EndProject
Project("{8BC9CEB8-8B4A-11D0-8D11-00A0C91BC942}") = "r", "r\r.vcxproj", "{10B456BB-FECA-1BAD-0070-8A6300000072}"
EndProject
Project("{FAE04EC0-301F-11D3-BF4B-00C04F79EFBC}") = "z", "z\z.csproj", "{8844749D-FECA-1BAD-0078-8A630000007A}"
	ProjectSection(ProjectDependencies) = postProject
		{10B456BB-FECA-1BAD-0070-8A6300000072} = {10B456BB-FECA-1BAD-0070-8A6300000072}
		{10B456A7-FECA-1BAD-006C-8A630000006E} = {10B456A7-FECA-1BAD-006C-8A630000006E}
		{10B456A6-FECA-1BAD-006D-8A630000006F} = {10B456A6-FECA-1BAD-006D-8A630000006F}
	EndProjectSection
EndProject
Global
	GlobalSection(SolutionConfigurationPlatforms) = preSolution
		Debug|Any CPU = Debug|Any CPU
		Debug|Win32 = Debug|Win32
		Debug|x64 = Debug|x64
		Release|Any CPU = Release|Any CPU
		Release|Win32 = Release|Win32
		Release|x64 = Release|x64
	EndGlobalSection
	GlobalSection(ProjectConfigurationPlatforms) = postSolution
		{10B456A7-FECA-1BAD-006C-8A630000006E}.Debug|Any CPU.ActiveCfg = Debug|Win32
		{10B456A7-FECA-1BAD-006C-8A630000006E}.Debug|Any CPU.Build.0 = Debug|Win32
		{10B456A7-FECA-1BAD-006C-8A630000006E}.Debug|Win32.ActiveCfg = Debug|Win32
		{10B456A7-FECA-1BAD-006C-8A630000006E}.Debug|Win32.Build.0 = Debug|Win32
		{10B456A7-FECA-1BAD-006C-8A630000006E}.Debug|x64.ActiveCfg = Debug|x64
		{10B456A7-FECA-1BAD-006C-8A630000006E}.Debug|x64.Build.0 = Debug|x64
		{10B456A7-FECA-1BAD-006C-8A630000006E}.Release|Any CPU.ActiveCfg = Release|Win32
		{10B456A7-FECA-1BAD-006C-8A630000006E}.Release|Any CPU.Build.0 = Release|Win32
		{10B456A7-FECA-1BAD-006C-8A630000006E}.Release|Win32.ActiveCfg = Release|Win32
		{10B456A7-FECA-1BAD-006C-8A630000006E}.Release|Win32.Build.0 = Release|Win32
		{10B456A7-FECA-1BAD-006C-8A630000006E}.Release|x64.ActiveCfg = Release|x64
		{10B456A7-FECA-1BAD-006C-8A630000006E}.Release|x64.Build.0 = Release|x64
		{10B456A6-FECA-1BAD-006D-8A630000006F}.Debug|Any CPU.ActiveCfg = Debug|Win32
		{10B456A6-FECA-1BAD-006D-8A630000006F}.Debug|Any CPU.Build.0 = Debug|Win32
		{10B456A6-FECA-1BAD-006D-8A630000006F}.Debug|Win32.ActiveCfg = Debug|Win32
		{10B456A6-FECA-1BAD-006D-8A630000006F}.Debug|Win32.Build.0 = Debug|Win32
		{10B456A6-FECA-1BAD-006D-8A630000006F}.Debug|x64.ActiveCfg = Debug|x64
		{10B456A6-FECA-1BAD-006D-8A630000006F}.Debug|x64.Build.0 = Debug|x64
		{10B456A6-FECA-1BAD-006D-8A630000006F}.Release|Any CPU.ActiveCfg = Release|Win32
		{10B456A6-FECA-1BAD-006D-8A630000006F}.Release|Any CPU.Build.0 = Release|Win32
		{10B456A6-FECA-1BAD-006D-8A630000006F}.Release|Win32.ActiveCfg = Release|Win32
		{10B456A6-FECA-1BAD-006D-8A630000006F}.Release|Win32.Build.0 = Release|Win32
		{10B456A6-FECA-1BAD-006D-8A630000006F}.Release|x64.ActiveCfg = Release|x64
		{10B456A6-FECA-1BAD-006D-8A630000006F}.Release|x64.Build.0 = Release|x64
		{10B456BB-FECA-1BAD-0070-8A6300000072}.Debug|Any CPU.ActiveCfg = Debug|Win32
		{10B456BB-FECA-1BAD-0070-8A6300000072}.Debug|Any CPU.Build.0 = Debug|Win32
		{10B456BB-FECA-1BAD-0070-8A6300000072}.Debug|Win32.ActiveCfg = Debug|Win32
		{10B456BB-FECA-1BAD-0070-8A6300000072}.Debug|Win32.Build.0 = Debug|Win32
		{10B456BB-FECA-1BAD-0070-8A6300000072}.Debug|x64.ActiveCfg = Debug|x64
		{10B456BB-FECA-1BAD-0070-8A6300000072}.Debug|x64.Build.0 = Debug|x64
		{10B456BB-FECA-1BAD-0070-8A6300000072}.Release|Any CPU.ActiveCfg = Release|Win32
		{10B456BB-FECA-1BAD-0070-8A6300000072}.Release|Any CPU.Build.0 = Release|Win32
		{10B456BB-FECA-1BAD-0070-8A6300000072}.Release|Win32.ActiveCfg = Release|Win32
		{10B456BB-FECA-1BAD-0070-8A6300000072}.Release|Win32.Build.0 = Release|Win32
		{10B456BB-FECA-1BAD-0070-8A6300000072}.Release|x64.ActiveCfg = Release|x64
		{10B456BB-FECA-1BAD-0070-8A6300000072}.Release|x64.Build.0 = Release|x64
		{8844749D-FECA-1BAD-0078-8A630000007A}.Debug|Win32.ActiveCfg = Debug|Any CPU
		{8844749D-FECA-1BAD-0078-8A630000007A}.Debug|Win32.Build.0 = Debug|Any CPU
		{8844749D-FECA-1BAD-0078-8A630000007A}.Debug|x64.ActiveCfg = Debug|Any CPU
		{8844749D-FECA-1BAD-0078-8A630000007A}.Debug|x64.Build.0 = Debug|Any CPU
		{8844749D-FECA-1BAD-0078-8A630000007A}.Debug|Any CPU.ActiveCfg = Debug|Any CPU
		{8844749D-FECA-1BAD-0078-8A630000007A}.Debug|Any CPU.Build.0 = Debug|Any CPU
		{8844749D-FECA-1BAD-0078-8A630000007A}.Release|Win32.ActiveCfg = Release|Any CPU
		{8844749D-FECA-1BAD-0078-8A630000007A}.Release|Win32.Build.0 = Release|Any CPU
		{8844749D-FECA-1BAD-0078-8A630000007A}.Release|x64.ActiveCfg = Release|Any CPU
		{8844749D-FECA-1BAD-0078-8A630000007A}.Release|x64.Build.0 = Release|Any CPU
		{8844749D-FECA-1BAD-0078-8A630000007A}.Release|Any CPU.ActiveCfg = Release|Any CPU
		{8844749D-FECA-1BAD-0078-8A630000007A}.Release|Any CPU.Build.0 = Release|Any CPU
	EndGlobalSection
	GlobalSection(SolutionProperties) = preSolution
		HideSolutionNode = FALSE
	EndGlobalSection
EndGlobal
