Microsoft Visual Studio Solution File, Format Version 8.00
#
# $Id$
#
# This file was generated by MPC.  Any changes made directly to
# this file will be lost the next time it is generated.
#
# MPC Command:
# /tao_builds/chad/ocitao/ACE_wrappers/build/linux/bin/mwc.pl -include config -type vc71 -features swig_perl=1
Project("{8BC9CEB8-8B4A-11D0-8D11-00A0C91BC942}") = "MyModule", "MyModule.vcproj", "{730F7790-FECA-1BAD-33A3-876AF580C8FA}"
	ProjectSection(ProjectDependencies) = postProject
	EndProjectSection
EndProject
Global
	GlobalSection(SolutionConfiguration) = preSolution
		Debug = Debug
		Release = Release
	EndGlobalSection
	GlobalSection(ProjectConfiguration) = postSolution
		{730F7790-FECA-1BAD-33A3-876AF580C8FA}.Debug.ActiveCfg = Debug|Win32
		{730F7790-FECA-1BAD-33A3-876AF580C8FA}.Debug.Build.0 = Debug|Win32
		{730F7790-FECA-1BAD-33A3-876AF580C8FA}.Release.ActiveCfg = Release|Win32
		{730F7790-FECA-1BAD-33A3-876AF580C8FA}.Release.Build.0 = Release|Win32
	EndGlobalSection
	GlobalSection(ExtensibilityGlobals) = postSolution
	EndGlobalSection
	GlobalSection(ExtensibilityAddIns) = postSolution
	EndGlobalSection
EndGlobal
