Microsoft Visual Studio Solution File, Format Version 7.00
#
# $Id$
#
# This file was generated by MPC.  Any changes made directly to
# this file will be lost the next time it is generated.
#
# MPC Command:
# /tao_builds/chad/ocitao/ACE_wrappers/build/linux/bin/mwc.pl -include config -type vc7 -language csharp
Project("{FAE04EC0-301F-11D3-BF4B-00C04F79EFBC}") = "aly", "source\aly.csproj", "{B8447291-FECA-1BAD-67BB-8A6382EBAF77}"
EndProject
Project("{FAE04EC0-301F-11D3-BF4B-00C04F79EFBC}") = "cras", "source\cras.csproj", "{1844709C-FECA-1BAD-4461-8A6582EBAF77}"
EndProject
Global
	GlobalSection(SolutionConfiguration) = preSolution
	EndGlobalSection
	GlobalSection(ProjectDependencies) = postSolution
		{B8447291-FECA-1BAD-67BB-8A6382EBAF77}.0 = {1844709C-FECA-1BAD-4461-8A6582EBAF77}
	EndGlobalSection
	GlobalSection(ProjectConfiguration) = postSolution
	EndGlobalSection
	GlobalSection(ExtensibilityGlobals) = postSolution
	EndGlobalSection
	GlobalSection(ExtensibilityAddIns) = postSolution
	EndGlobalSection
EndGlobal
