Microsoft Visual Studio Solution File, Format Version 8.00
#
# $Id$
#
# This file was generated by MPC.  Any changes made directly to
# this file will be lost the next time it is generated.
#
# MPC Command:
# /tao_builds/chad/ocitao/ACE_wrappers/build/linux/bin/mwc.pl -include config -type vc71 -value_template compile_flags=-g -value_template win_version+=5.55 -value_template win_version-=4.44 -value_project includes+=bam
Project("{8BC9CEB8-8B4A-11D0-8D11-00A0C91BC942}") = "foo_a", "foo_a.vcproj", "{39027D93-FECA-1BAD-609D-8A63EC4FFFF7}"
	ProjectSection(ProjectDependencies) = postProject
	EndProjectSection
EndProject
Project("{8BC9CEB8-8B4A-11D0-8D11-00A0C91BC942}") = "foo_b", "foo_b.vcproj", "{09027D93-FECA-1BAD-609D-8A63EC4FFFF7}"
	ProjectSection(ProjectDependencies) = postProject
	EndProjectSection
EndProject
Project("{8BC9CEB8-8B4A-11D0-8D11-00A0C91BC942}") = "foo_c", "foo_c.vcproj", "{19027D93-FECA-1BAD-609D-8A63EC4FFFF7}"
	ProjectSection(ProjectDependencies) = postProject
	EndProjectSection
EndProject
Global
	GlobalSection(SolutionConfiguration) = preSolution
		Debug = Debug
		Release = Release
	EndGlobalSection
	GlobalSection(ProjectConfiguration) = postSolution
		{39027D93-FECA-1BAD-609D-8A63EC4FFFF7}.Debug.ActiveCfg = Debug|Win32
		{39027D93-FECA-1BAD-609D-8A63EC4FFFF7}.Debug.Build.0 = Debug|Win32
		{39027D93-FECA-1BAD-609D-8A63EC4FFFF7}.Release.ActiveCfg = Release|Win32
		{39027D93-FECA-1BAD-609D-8A63EC4FFFF7}.Release.Build.0 = Release|Win32
		{09027D93-FECA-1BAD-609D-8A63EC4FFFF7}.Debug.ActiveCfg = Debug|Win32
		{09027D93-FECA-1BAD-609D-8A63EC4FFFF7}.Debug.Build.0 = Debug|Win32
		{09027D93-FECA-1BAD-609D-8A63EC4FFFF7}.Release.ActiveCfg = Release|Win32
		{09027D93-FECA-1BAD-609D-8A63EC4FFFF7}.Release.Build.0 = Release|Win32
		{19027D93-FECA-1BAD-609D-8A63EC4FFFF7}.Debug.ActiveCfg = Debug|Win32
		{19027D93-FECA-1BAD-609D-8A63EC4FFFF7}.Debug.Build.0 = Debug|Win32
		{19027D93-FECA-1BAD-609D-8A63EC4FFFF7}.Release.ActiveCfg = Release|Win32
		{19027D93-FECA-1BAD-609D-8A63EC4FFFF7}.Release.Build.0 = Release|Win32
	EndGlobalSection
	GlobalSection(ExtensibilityGlobals) = postSolution
	EndGlobalSection
	GlobalSection(ExtensibilityAddIns) = postSolution
	EndGlobalSection
EndGlobal
