
Microsoft Visual Studio Solution File, Format Version 11.00
# Visual Studio 2010
# $Id$
#
# This file was generated by MPC.  Any changes made directly to
# this file will be lost the next time it is generated.
#
# MPC Command:
# /tao_builds/mitza/MPC/mwc.pl -include config -type vc10 -language csharp
Project("{FAE04EC0-301F-11D3-BF4B-00C04F79EFBC}") = "aly", "source\aly.csproj", "{B84472E1-FECA-1BAD-67BB-8A6307582455}"
	ProjectSection(ProjectDependencies) = postProject
		{184410DC-FECA-1BAD-4461-8A6507582455} = {184410DC-FECA-1BAD-4461-8A6507582455}
	EndProjectSection
EndProject
Project("{FAE04EC0-301F-11D3-BF4B-00C04F79EFBC}") = "cras", "source\cras.csproj", "{184410DC-FECA-1BAD-4461-8A6507582455}"
EndProject
Project("{E24C65DC-7377-472B-9ABA-BC803B73C61A}") = "webapp", "webapp\", "{283540FD-FECA-1BAD-4672-8D7007134670}"
	ProjectSection(WebsiteProperties) = preProject
		TargetFrameworkMoniker = ".NETFramework,Version%3Dv4.0"
		ProjectReferences = "{B84472E1-FECA-1BAD-67BB-8A6307582455}|aly;"
		Debug.AspNetCompiler.VirtualPath = "/webapp"
		Debug.AspNetCompiler.PhysicalPath = "webapp"
		Debug.AspNetCompiler.TargetPath = "PrecompiledWeb\webapp"
		Debug.AspNetCompiler.Updateable = "true"
		Debug.AspNetCompiler.ForceOverwrite = "true"
		Debug.AspNetCompiler.FixedNames = "true"
		Debug.AspNetCompiler.Debug = "True"
		Release.AspNetCompiler.VirtualPath = "/webapp"
		Release.AspNetCompiler.PhysicalPath = "webapp"
		Release.AspNetCompiler.TargetPath = "PrecompiledWeb\webapp"
		Release.AspNetCompiler.Updateable = "true"
		Release.AspNetCompiler.ForceOverwrite = "true"
		Release.AspNetCompiler.FixedNames = "true"
		Release.AspNetCompiler.Debug = "False"
		VWDPort = "1573"
		DefaultWebSiteLanguage = "Visual C#"
	EndProjectSection
EndProject
Global
	GlobalSection(SolutionConfigurationPlatforms) = preSolution
		Debug|Any CPU = Debug|Any CPU
		Release|Any CPU = Release|Any CPU
	EndGlobalSection
	GlobalSection(ProjectConfigurationPlatforms) = postSolution
		{B84472E1-FECA-1BAD-67BB-8A6307582455}.Debug|Any CPU.ActiveCfg = Debug|Any CPU
		{B84472E1-FECA-1BAD-67BB-8A6307582455}.Debug|Any CPU.Build.0 = Debug|Any CPU
		{B84472E1-FECA-1BAD-67BB-8A6307582455}.Release|Any CPU.ActiveCfg = Release|Any CPU
		{B84472E1-FECA-1BAD-67BB-8A6307582455}.Release|Any CPU.Build.0 = Release|Any CPU
		{184410DC-FECA-1BAD-4461-8A6507582455}.Debug|Any CPU.ActiveCfg = Debug|Any CPU
		{184410DC-FECA-1BAD-4461-8A6507582455}.Debug|Any CPU.Build.0 = Debug|Any CPU
		{184410DC-FECA-1BAD-4461-8A6507582455}.Release|Any CPU.ActiveCfg = Release|Any CPU
		{184410DC-FECA-1BAD-4461-8A6507582455}.Release|Any CPU.Build.0 = Release|Any CPU
		{283540FD-FECA-1BAD-4672-8D7007134670}.Debug|Any CPU.ActiveCfg = Debug|Any CPU
		{283540FD-FECA-1BAD-4672-8D7007134670}.Debug|Any CPU.Build.0 = Debug|Any CPU
		{283540FD-FECA-1BAD-4672-8D7007134670}.Release|Any CPU.ActiveCfg = Release|Any CPU
		{283540FD-FECA-1BAD-4672-8D7007134670}.Release|Any CPU.Build.0 = Release|Any CPU
	EndGlobalSection
	GlobalSection(SolutionProperties) = preSolution
		HideSolutionNode = FALSE
	EndGlobalSection
EndGlobal
