
Microsoft Visual Studio Solution File, Format Version 10.00
# Visual Studio 2008
# $Id$
#
# This file was generated by MPC.  Any changes made directly to
# this file will be lost the next time it is generated.
#
# MPC Command:
# /tao_builds/mitza/MPC/mwc.pl -include config -type vc9 conditional_specific_verbatim_wildcards.mwc
Project("{8BC9CEB8-8B4A-11D0-8D11-00A0C91BC942}") = "csvw_A", "source\csvw_A.vcproj", "{396035B1-FECA-1BAD-4415-8A6507582455}"
EndProject
Project("{8BC9CEB8-8B4A-11D0-8D11-00A0C91BC942}") = "csvw_B", "source\csvw_B.vcproj", "{096035B1-FECA-1BAD-4415-8A6507582455}"
EndProject
Project("{8BC9CEB8-8B4A-11D0-8D11-00A0C91BC942}") = "csvw_C", "source\csvw_C.vcproj", "{196035B1-FECA-1BAD-4415-8A6507582455}"
	ProjectSection(ProjectDependencies) = postProject
		{096035B1-FECA-1BAD-4415-8A6507582455} = {096035B1-FECA-1BAD-4415-8A6507582455}
	EndProjectSection
EndProject
Project("{8BC9CEB8-8B4A-11D0-8D11-00A0C91BC942}") = "csvw_D", "source\csvw_D.vcproj", "{696035B1-FECA-1BAD-4415-8A6507582455}"
	ProjectSection(ProjectDependencies) = postProject
		{196035B1-FECA-1BAD-4415-8A6507582455} = {196035B1-FECA-1BAD-4415-8A6507582455}
	EndProjectSection
EndProject
Project("{8BC9CEB8-8B4A-11D0-8D11-00A0C91BC942}") = "csvw_E", "source\csvw_E.vcproj", "{796035B1-FECA-1BAD-4415-8A6507582455}"
EndProject
Global
	GlobalSection(SolutionConfigurationPlatforms) = preSolution
		Debug|Win32 = Debug|Win32
		Debug|x64 = Debug|x64
		Release|Win32 = Release|Win32
		Release|x64 = Release|x64
	EndGlobalSection
	GlobalSection(ProjectConfigurationPlatforms) = postSolution
		{396035B1-FECA-1BAD-4415-8A6507582455}.Debug|Win32.ActiveCfg = Debug|Win32
		{396035B1-FECA-1BAD-4415-8A6507582455}.Debug|Win32.Build.0 = Debug|Win32
		{396035B1-FECA-1BAD-4415-8A6507582455}.Debug|x64.ActiveCfg = Debug|x64
		{396035B1-FECA-1BAD-4415-8A6507582455}.Debug|x64.Build.0 = Debug|x64
		{396035B1-FECA-1BAD-4415-8A6507582455}.Release|Win32.ActiveCfg = Release|Win32
		{396035B1-FECA-1BAD-4415-8A6507582455}.Release|Win32.Build.0 = Release|Win32
		{396035B1-FECA-1BAD-4415-8A6507582455}.Release|x64.ActiveCfg = Release|x64
		{396035B1-FECA-1BAD-4415-8A6507582455}.Release|x64.Build.0 = Release|x64
		{096035B1-FECA-1BAD-4415-8A6507582455}.Debug|Win32.ActiveCfg = Debug|Win32
		{096035B1-FECA-1BAD-4415-8A6507582455}.Debug|Win32.Build.0 = Debug|Win32
		{096035B1-FECA-1BAD-4415-8A6507582455}.Debug|x64.ActiveCfg = Debug|x64
		{096035B1-FECA-1BAD-4415-8A6507582455}.Debug|x64.Build.0 = Debug|x64
		{096035B1-FECA-1BAD-4415-8A6507582455}.Release|Win32.ActiveCfg = Release|Win32
		{096035B1-FECA-1BAD-4415-8A6507582455}.Release|Win32.Build.0 = Release|Win32
		{096035B1-FECA-1BAD-4415-8A6507582455}.Release|x64.ActiveCfg = Release|x64
		{096035B1-FECA-1BAD-4415-8A6507582455}.Release|x64.Build.0 = Release|x64
		{196035B1-FECA-1BAD-4415-8A6507582455}.Debug|Win32.ActiveCfg = Debug|Win32
		{196035B1-FECA-1BAD-4415-8A6507582455}.Debug|Win32.Build.0 = Debug|Win32
		{196035B1-FECA-1BAD-4415-8A6507582455}.Debug|x64.ActiveCfg = Debug|x64
		{196035B1-FECA-1BAD-4415-8A6507582455}.Debug|x64.Build.0 = Debug|x64
		{196035B1-FECA-1BAD-4415-8A6507582455}.Release|Win32.ActiveCfg = Release|Win32
		{196035B1-FECA-1BAD-4415-8A6507582455}.Release|Win32.Build.0 = Release|Win32
		{196035B1-FECA-1BAD-4415-8A6507582455}.Release|x64.ActiveCfg = Release|x64
		{196035B1-FECA-1BAD-4415-8A6507582455}.Release|x64.Build.0 = Release|x64
		{696035B1-FECA-1BAD-4415-8A6507582455}.Debug|Win32.ActiveCfg = Debug|Win32
		{696035B1-FECA-1BAD-4415-8A6507582455}.Debug|Win32.Build.0 = Debug|Win32
		{696035B1-FECA-1BAD-4415-8A6507582455}.Debug|x64.ActiveCfg = Debug|x64
		{696035B1-FECA-1BAD-4415-8A6507582455}.Debug|x64.Build.0 = Debug|x64
		{696035B1-FECA-1BAD-4415-8A6507582455}.Release|Win32.ActiveCfg = Release|Win32
		{696035B1-FECA-1BAD-4415-8A6507582455}.Release|Win32.Build.0 = Release|Win32
		{696035B1-FECA-1BAD-4415-8A6507582455}.Release|x64.ActiveCfg = Release|x64
		{696035B1-FECA-1BAD-4415-8A6507582455}.Release|x64.Build.0 = Release|x64
		{796035B1-FECA-1BAD-4415-8A6507582455}.Debug|Win32.ActiveCfg = Debug|Win32
		{796035B1-FECA-1BAD-4415-8A6507582455}.Debug|Win32.Build.0 = Debug|Win32
		{796035B1-FECA-1BAD-4415-8A6507582455}.Debug|x64.ActiveCfg = Debug|x64
		{796035B1-FECA-1BAD-4415-8A6507582455}.Debug|x64.Build.0 = Debug|x64
		{796035B1-FECA-1BAD-4415-8A6507582455}.Release|Win32.ActiveCfg = Release|Win32
		{796035B1-FECA-1BAD-4415-8A6507582455}.Release|Win32.Build.0 = Release|Win32
		{796035B1-FECA-1BAD-4415-8A6507582455}.Release|x64.ActiveCfg = Release|x64
		{796035B1-FECA-1BAD-4415-8A6507582455}.Release|x64.Build.0 = Release|x64
	EndGlobalSection
	GlobalSection(SolutionProperties) = preSolution
		HideSolutionNode = FALSE
	EndGlobalSection
EndGlobal
