
Microsoft Visual Studio Solution File, Format Version 10.00
# Visual Studio 2008
# $Id$
#
# This file was generated by MPC.  Any changes made directly to
# this file will be lost the next time it is generated.
#
# MPC Command:
# /tao_builds/mitza/MPC/mwc.pl -include config -type vc9 implicit_projects.mwc
Project("{8BC9CEB8-8B4A-11D0-8D11-00A0C91BC942}") = "one", "source\one\one.vcproj", "{79047202-FECA-1BAD-0000-000024579EDD}"
EndProject
Project("{8BC9CEB8-8B4A-11D0-8D11-00A0C91BC942}") = "two", "source\two\two.vcproj", "{D90473AB-FECA-1BAD-731D-8A6324578447}"
	ProjectSection(ProjectDependencies) = postProject
		{79047202-FECA-1BAD-0000-000024579EDD} = {79047202-FECA-1BAD-0000-000024579EDD}
	EndProjectSection
EndProject
Global
	GlobalSection(SolutionConfigurationPlatforms) = preSolution
		Debug|Win32 = Debug|Win32
		Debug|x64 = Debug|x64
		Release|Win32 = Release|Win32
		Release|x64 = Release|x64
	EndGlobalSection
	GlobalSection(ProjectConfigurationPlatforms) = postSolution
		{79047202-FECA-1BAD-0000-000024579EDD}.Debug|Win32.ActiveCfg = Debug|Win32
		{79047202-FECA-1BAD-0000-000024579EDD}.Debug|Win32.Build.0 = Debug|Win32
		{79047202-FECA-1BAD-0000-000024579EDD}.Debug|x64.ActiveCfg = Debug|x64
		{79047202-FECA-1BAD-0000-000024579EDD}.Debug|x64.Build.0 = Debug|x64
		{79047202-FECA-1BAD-0000-000024579EDD}.Release|Win32.ActiveCfg = Release|Win32
		{79047202-FECA-1BAD-0000-000024579EDD}.Release|Win32.Build.0 = Release|Win32
		{79047202-FECA-1BAD-0000-000024579EDD}.Release|x64.ActiveCfg = Release|x64
		{79047202-FECA-1BAD-0000-000024579EDD}.Release|x64.Build.0 = Release|x64
		{D90473AB-FECA-1BAD-731D-8A6324578447}.Debug|Win32.ActiveCfg = Debug|Win32
		{D90473AB-FECA-1BAD-731D-8A6324578447}.Debug|Win32.Build.0 = Debug|Win32
		{D90473AB-FECA-1BAD-731D-8A6324578447}.Debug|x64.ActiveCfg = Debug|x64
		{D90473AB-FECA-1BAD-731D-8A6324578447}.Debug|x64.Build.0 = Debug|x64
		{D90473AB-FECA-1BAD-731D-8A6324578447}.Release|Win32.ActiveCfg = Release|Win32
		{D90473AB-FECA-1BAD-731D-8A6324578447}.Release|Win32.Build.0 = Release|Win32
		{D90473AB-FECA-1BAD-731D-8A6324578447}.Release|x64.ActiveCfg = Release|x64
		{D90473AB-FECA-1BAD-731D-8A6324578447}.Release|x64.Build.0 = Release|x64
	EndGlobalSection
	GlobalSection(SolutionProperties) = preSolution
		HideSolutionNode = FALSE
	EndGlobalSection
EndGlobal
