Microsoft Visual Studio Solution File, Format Version 8.00
#
# $Id$
#
# This file was generated by MPC.  Any changes made directly to
# this file will be lost the next time it is generated.
#
# MPC Command:
# /tao_builds/mitza/MPC/mwc.pl -include config -type vc71 implicit_resources.mwc
Project("{8BC9CEB8-8B4A-11D0-8D11-00A0C91BC942}") = "dir1", "dir1\dir1.vcproj", "{3904167B-FECA-1BAD-0000-0000A998BC5B}"
	ProjectSection(ProjectDependencies) = postProject
	EndProjectSection
EndProject
Project("{8BC9CEB8-8B4A-11D0-8D11-00A0C91BC942}") = "dir3", "dir3\dir3.vcproj", "{1904167B-FECA-1BAD-2E11-8A65A998BC59}"
	ProjectSection(ProjectDependencies) = postProject
	EndProjectSection
EndProject
Global
	GlobalSection(SolutionConfiguration) = preSolution
		Debug = Debug
		Release = Release
	EndGlobalSection
	GlobalSection(ProjectConfiguration) = postSolution
		{3904167B-FECA-1BAD-0000-0000A998BC5B}.Debug.ActiveCfg = Debug|Win32
		{3904167B-FECA-1BAD-0000-0000A998BC5B}.Debug.Build.0 = Debug|Win32
		{3904167B-FECA-1BAD-0000-0000A998BC5B}.Release.ActiveCfg = Release|Win32
		{3904167B-FECA-1BAD-0000-0000A998BC5B}.Release.Build.0 = Release|Win32
		{1904167B-FECA-1BAD-2E11-8A65A998BC59}.Debug.ActiveCfg = Debug|Win32
		{1904167B-FECA-1BAD-2E11-8A65A998BC59}.Debug.Build.0 = Debug|Win32
		{1904167B-FECA-1BAD-2E11-8A65A998BC59}.Release.ActiveCfg = Release|Win32
		{1904167B-FECA-1BAD-2E11-8A65A998BC59}.Release.Build.0 = Release|Win32
	EndGlobalSection
	GlobalSection(ExtensibilityGlobals) = postSolution
	EndGlobalSection
	GlobalSection(ExtensibilityAddIns) = postSolution
	EndGlobalSection
EndGlobal
