Microsoft Visual Studio Solution File, Format Version 8.00
#
# $Id: VC71WorkspaceCreator.pm,v 1.5 2005/05/16 16:41:30 elliott_c Exp $
#
# This file was generated by MPC.  Any changes made directly to
# this file will be lost the next time it is generated.
#
# MPC Command:
# /tao_builds/chad/ocitao/ACE_wrappers/build/minimum_corba/bin/mwc.pl -include /home/elliottc/current/MPC/config -include /home/elliottc/current/MPC/templates -include config -type vc71 -exclude one/one.mpc -recurse -include exclude.mwc
Project("{8BC9CEB8-8B4A-11D0-8D11-00A0C91BC942}") = "two", "two\two.vcproj", "{D904739B-FECA-1BAD-731D-8A631B8D3395}"
	ProjectSection(ProjectDependencies) = postProject
	EndProjectSection
EndProject
Global
	GlobalSection(SolutionConfiguration) = preSolution
		Debug = Debug
		Release = Release
	EndGlobalSection
	GlobalSection(ProjectConfiguration) = postSolution
		{D904739B-FECA-1BAD-731D-8A631B8D3395}.Debug.ActiveCfg = Debug|Win32
		{D904739B-FECA-1BAD-731D-8A631B8D3395}.Debug.Build.0 = Debug|Win32
		{D904739B-FECA-1BAD-731D-8A631B8D3395}.Release.ActiveCfg = Release|Win32
		{D904739B-FECA-1BAD-731D-8A631B8D3395}.Release.Build.0 = Release|Win32
	EndGlobalSection
	GlobalSection(ExtensibilityGlobals) = postSolution
	EndGlobalSection
	GlobalSection(ExtensibilityAddIns) = postSolution
	EndGlobalSection
EndGlobal
