Microsoft Visual Studio Solution File, Format Version 7.00
#
# $Id: VC7WorkspaceCreator.pm,v 1.26 2006/06/22 12:25:25 elliott_c Exp $
#
# This file was generated by MPC.  Any changes made directly to
# this file will be lost the next time it is generated.
#
# MPC Command:
# /tao_builds/chad/ocitao/ACE_wrappers/build/linux/bin/mwc.pl -include config -type vc7 -features qt=1
Project("{8BC9CEB8-8B4A-11D0-8D11-00A0C91BC942}") = "qt_uic_moc", "qt_uic_moc.vcproj", "{110B7DE3-FECA-1BAD-9C90-8965A289A442}"
EndProject
Global
	GlobalSection(SolutionConfiguration) = preSolution
		ConfigName.0 = Debug
		ConfigName.1 = Release
	EndGlobalSection
	GlobalSection(ProjectDependencies) = postSolution
	EndGlobalSection
	GlobalSection(ProjectConfiguration) = postSolution
		{110B7DE3-FECA-1BAD-9C90-8965A289A442}.Debug.ActiveCfg = Debug|Win32
		{110B7DE3-FECA-1BAD-9C90-8965A289A442}.Debug.Build.0 = Debug|Win32
		{110B7DE3-FECA-1BAD-9C90-8965A289A442}.Release.ActiveCfg = Release|Win32
		{110B7DE3-FECA-1BAD-9C90-8965A289A442}.Release.Build.0 = Release|Win32
	EndGlobalSection
	GlobalSection(ExtensibilityGlobals) = postSolution
	EndGlobalSection
	GlobalSection(ExtensibilityAddIns) = postSolution
	EndGlobalSection
EndGlobal
