
Microsoft Visual Studio Solution File, Format Version 11.00
# Visual Studio 2010
# $Id$
#
# This file was generated by MPC.  Any changes made directly to
# this file will be lost the next time it is generated.
#
# MPC Command:
# /tao_builds/mitza/MPC/mwc.pl -include config -type vc10 -value_template compile_flags=-g -value_template win_version+=5.55 -value_template win_version-=4.44 -value_project includes+=bam
Project("{8BC9CEB8-8B4A-11D0-8D11-00A0C91BC942}") = "foo_a", "foo_a.vcxproj", "{10D4CC58-FECA-1BAD-609D-8A6300000000}"
EndProject
Project("{8BC9CEB8-8B4A-11D0-8D11-00A0C91BC942}") = "foo_b", "foo_b.vcxproj", "{10D4CC5B-FECA-1BAD-609D-8A6300000000}"
EndProject
Project("{8BC9CEB8-8B4A-11D0-8D11-00A0C91BC942}") = "foo_c", "foo_c.vcxproj", "{10D4CC5A-FECA-1BAD-609D-8A6300000000}"
EndProject
Global
	GlobalSection(SolutionConfigurationPlatforms) = preSolution
		Debug|Win32 = Debug|Win32
		Debug|x64 = Debug|x64
		Release|Win32 = Release|Win32
		Release|x64 = Release|x64
	EndGlobalSection
	GlobalSection(ProjectConfigurationPlatforms) = postSolution
		{10D4CC58-FECA-1BAD-609D-8A6300000000}.Debug|Win32.ActiveCfg = Debug|Win32
		{10D4CC58-FECA-1BAD-609D-8A6300000000}.Debug|Win32.Build.0 = Debug|Win32
		{10D4CC58-FECA-1BAD-609D-8A6300000000}.Debug|x64.ActiveCfg = Debug|x64
		{10D4CC58-FECA-1BAD-609D-8A6300000000}.Debug|x64.Build.0 = Debug|x64
		{10D4CC58-FECA-1BAD-609D-8A6300000000}.Release|Win32.ActiveCfg = Release|Win32
		{10D4CC58-FECA-1BAD-609D-8A6300000000}.Release|Win32.Build.0 = Release|Win32
		{10D4CC58-FECA-1BAD-609D-8A6300000000}.Release|x64.ActiveCfg = Release|x64
		{10D4CC58-FECA-1BAD-609D-8A6300000000}.Release|x64.Build.0 = Release|x64
		{10D4CC5B-FECA-1BAD-609D-8A6300000000}.Debug|Win32.ActiveCfg = Debug|Win32
		{10D4CC5B-FECA-1BAD-609D-8A6300000000}.Debug|Win32.Build.0 = Debug|Win32
		{10D4CC5B-FECA-1BAD-609D-8A6300000000}.Debug|x64.ActiveCfg = Debug|x64
		{10D4CC5B-FECA-1BAD-609D-8A6300000000}.Debug|x64.Build.0 = Debug|x64
		{10D4CC5B-FECA-1BAD-609D-8A6300000000}.Release|Win32.ActiveCfg = Release|Win32
		{10D4CC5B-FECA-1BAD-609D-8A6300000000}.Release|Win32.Build.0 = Release|Win32
		{10D4CC5B-FECA-1BAD-609D-8A6300000000}.Release|x64.ActiveCfg = Release|x64
		{10D4CC5B-FECA-1BAD-609D-8A6300000000}.Release|x64.Build.0 = Release|x64
		{10D4CC5A-FECA-1BAD-609D-8A6300000000}.Debug|Win32.ActiveCfg = Debug|Win32
		{10D4CC5A-FECA-1BAD-609D-8A6300000000}.Debug|Win32.Build.0 = Debug|Win32
		{10D4CC5A-FECA-1BAD-609D-8A6300000000}.Debug|x64.ActiveCfg = Debug|x64
		{10D4CC5A-FECA-1BAD-609D-8A6300000000}.Debug|x64.Build.0 = Debug|x64
		{10D4CC5A-FECA-1BAD-609D-8A6300000000}.Release|Win32.ActiveCfg = Release|Win32
		{10D4CC5A-FECA-1BAD-609D-8A6300000000}.Release|Win32.Build.0 = Release|Win32
		{10D4CC5A-FECA-1BAD-609D-8A6300000000}.Release|x64.ActiveCfg = Release|x64
		{10D4CC5A-FECA-1BAD-609D-8A6300000000}.Release|x64.Build.0 = Release|x64
	EndGlobalSection
	GlobalSection(SolutionProperties) = preSolution
		HideSolutionNode = FALSE
	EndGlobalSection
EndGlobal
