Microsoft Visual Studio Solution File, Format Version 7.00
#
# $Id$
#
# This file was generated by MPC.  Any changes made directly to
# this file will be lost the next time it is generated.
#
# MPC Command:
# /tao_builds/chad/ocitao/ACE_wrappers/build/linux/bin/mwc.pl -include config -type vc7 -type html -relative_file config/relative -gfeature_file config/features template_input.mwc
Project("{8BC9CEB8-8B4A-11D0-8D11-00A0C91BC942}") = "dll", "dll\dll.vcproj", "{E90472B0-FECA-1BAD-62AE-8A63461A406C}"
EndProject
Project("{8BC9CEB8-8B4A-11D0-8D11-00A0C91BC942}") = "dll_exe", "dll_exe\dll_exe.vcproj", "{7F2EEDB4-FECA-1BAD-92E7-E8CA4069D4FF}"
EndProject
Project("{8BC9CEB8-8B4A-11D0-8D11-00A0C91BC942}") = "lib", "lib\lib.vcproj", "{09047235-FECA-1BAD-6AF0-8A63461A4832}"
EndProject
Project("{8BC9CEB8-8B4A-11D0-8D11-00A0C91BC942}") = "lib_exe", "lib_exe\lib_exe.vcproj", "{7FAB0DB4-FECA-1BAD-92E7-E0944837D4FF}"
EndProject
Global
	GlobalSection(SolutionConfiguration) = preSolution
		ConfigName.0 = Debug
		ConfigName.1 = Release
	EndGlobalSection
	GlobalSection(ProjectDependencies) = postSolution
	EndGlobalSection
	GlobalSection(ProjectConfiguration) = postSolution
		{E90472B0-FECA-1BAD-62AE-8A63461A406C}.Debug.ActiveCfg = Debug|Win32
		{E90472B0-FECA-1BAD-62AE-8A63461A406C}.Debug.Build.0 = Debug|Win32
		{E90472B0-FECA-1BAD-62AE-8A63461A406C}.Release.ActiveCfg = Release|Win32
		{E90472B0-FECA-1BAD-62AE-8A63461A406C}.Release.Build.0 = Release|Win32
		{7F2EEDB4-FECA-1BAD-92E7-E8CA4069D4FF}.Debug.ActiveCfg = Debug|Win32
		{7F2EEDB4-FECA-1BAD-92E7-E8CA4069D4FF}.Debug.Build.0 = Debug|Win32
		{7F2EEDB4-FECA-1BAD-92E7-E8CA4069D4FF}.Release.ActiveCfg = Release|Win32
		{7F2EEDB4-FECA-1BAD-92E7-E8CA4069D4FF}.Release.Build.0 = Release|Win32
		{09047235-FECA-1BAD-6AF0-8A63461A4832}.Debug.ActiveCfg = Debug|Win32
		{09047235-FECA-1BAD-6AF0-8A63461A4832}.Debug.Build.0 = Debug|Win32
		{09047235-FECA-1BAD-6AF0-8A63461A4832}.Release.ActiveCfg = Release|Win32
		{09047235-FECA-1BAD-6AF0-8A63461A4832}.Release.Build.0 = Release|Win32
		{7FAB0DB4-FECA-1BAD-92E7-E0944837D4FF}.Debug.ActiveCfg = Debug|Win32
		{7FAB0DB4-FECA-1BAD-92E7-E0944837D4FF}.Debug.Build.0 = Debug|Win32
		{7FAB0DB4-FECA-1BAD-92E7-E0944837D4FF}.Release.ActiveCfg = Release|Win32
		{7FAB0DB4-FECA-1BAD-92E7-E0944837D4FF}.Release.Build.0 = Release|Win32
	EndGlobalSection
	GlobalSection(ExtensibilityGlobals) = postSolution
	EndGlobalSection
	GlobalSection(ExtensibilityAddIns) = postSolution
	EndGlobalSection
EndGlobal
