
Microsoft Visual Studio Solution File, Format Version 10.00
# Visual Studio 2008
# $Id$
#
# This file was generated by MPC.  Any changes made directly to
# this file will be lost the next time it is generated.
#
# MPC Command:
# /tao_builds/mitza/MPC/mwc.pl -include config -type vc9 -template ../config/foo -gfeature_file config/ace.features
Project("{8BC9CEB8-8B4A-11D0-8D11-00A0C91BC942}") = "src", "src\src.vcproj", "{190473DE-FECA-1BAD-7441-8A6300007443}"
EndProject
Global
	GlobalSection(SolutionConfigurationPlatforms) = preSolution
	EndGlobalSection
	GlobalSection(ProjectConfigurationPlatforms) = postSolution
	EndGlobalSection
	GlobalSection(SolutionProperties) = preSolution
		HideSolutionNode = FALSE
	EndGlobalSection
EndGlobal
