
Microsoft Visual Studio Solution File, Format Version 11.00
# Visual Studio 2010
# $Id$
#
# This file was generated by MPC.  Any changes made directly to
# this file will be lost the next time it is generated.
#
# MPC Command:
# /tao_builds/taoadmin/1.5a/ACE_wrappers/bin/mwc.pl -include config -type vc10 -global custom_global.mpb -genins -gendot -for_eclipse -into here/.. -value_template "configurations+='MFC Release' 'MFC Debug'" -static -feature_file features -features crap wider_coverage.mwc
Project("{8BC9CEB8-8B4A-11D0-8D11-00A0C91BC942}") = "Some_Test_Other_Lib", "Some_Test_Other_Lib.vcxproj", "{34B1F818-FECA-1BAD-9A98-A44400000000}"
EndProject
Project("{8BC9CEB8-8B4A-11D0-8D11-00A0C91BC942}") = "Some_Test_Simple_Lib", "Some_Test_Simple_Lib.vcxproj", "{1435AFD4-FECA-1BAD-9DAF-2CC300000000}"
	ProjectSection(ProjectDependencies) = postProject
		{34B1F818-FECA-1BAD-9A98-A44400000000} = {34B1F818-FECA-1BAD-9A98-A44400000000}
	EndProjectSection
EndProject
Project("{8BC9CEB8-8B4A-11D0-8D11-00A0C91BC942}") = "simple", "simple.vcxproj", "{17EBF06C-FECA-1BAD-A6A7-8D3C00000000}"
	ProjectSection(ProjectDependencies) = postProject
		{1435AFD4-FECA-1BAD-9DAF-2CC300000000} = {1435AFD4-FECA-1BAD-9DAF-2CC300000000}
		{34B1F818-FECA-1BAD-9A98-A44400000000} = {34B1F818-FECA-1BAD-9A98-A44400000000}
		{1435AFD4-FECA-1BAD-9DAF-2CC300000000} = {1435AFD4-FECA-1BAD-9DAF-2CC300000000}
		{34B1F818-FECA-1BAD-9A98-A44400000000} = {34B1F818-FECA-1BAD-9A98-A44400000000}
	EndProjectSection
EndProject
Global
	GlobalSection(SolutionConfigurationPlatforms) = preSolution
		Debug|Win32 = Debug|Win32
		Debug|x64 = Debug|x64
		MFC Debug|Win32 = MFC Debug|Win32
		MFC Debug|x64 = MFC Debug|x64
		MFC Release|Win32 = MFC Release|Win32
		MFC Release|x64 = MFC Release|x64
		Release|Win32 = Release|Win32
		Release|x64 = Release|x64
	EndGlobalSection
	GlobalSection(ProjectConfigurationPlatforms) = postSolution
		{34B1F818-FECA-1BAD-9A98-A44400000000}.Debug|Win32.ActiveCfg = Debug|Win32
		{34B1F818-FECA-1BAD-9A98-A44400000000}.Debug|Win32.Build.0 = Debug|Win32
		{34B1F818-FECA-1BAD-9A98-A44400000000}.Debug|x64.ActiveCfg = Debug|x64
		{34B1F818-FECA-1BAD-9A98-A44400000000}.Debug|x64.Build.0 = Debug|x64
		{34B1F818-FECA-1BAD-9A98-A44400000000}.MFC Debug|Win32.ActiveCfg = MFC Debug|Win32
		{34B1F818-FECA-1BAD-9A98-A44400000000}.MFC Debug|Win32.Build.0 = MFC Debug|Win32
		{34B1F818-FECA-1BAD-9A98-A44400000000}.MFC Debug|x64.ActiveCfg = MFC Debug|x64
		{34B1F818-FECA-1BAD-9A98-A44400000000}.MFC Debug|x64.Build.0 = MFC Debug|x64
		{34B1F818-FECA-1BAD-9A98-A44400000000}.MFC Release|Win32.ActiveCfg = MFC Release|Win32
		{34B1F818-FECA-1BAD-9A98-A44400000000}.MFC Release|Win32.Build.0 = MFC Release|Win32
		{34B1F818-FECA-1BAD-9A98-A44400000000}.MFC Release|x64.ActiveCfg = MFC Release|x64
		{34B1F818-FECA-1BAD-9A98-A44400000000}.MFC Release|x64.Build.0 = MFC Release|x64
		{34B1F818-FECA-1BAD-9A98-A44400000000}.Release|Win32.ActiveCfg = Release|Win32
		{34B1F818-FECA-1BAD-9A98-A44400000000}.Release|Win32.Build.0 = Release|Win32
		{34B1F818-FECA-1BAD-9A98-A44400000000}.Release|x64.ActiveCfg = Release|x64
		{34B1F818-FECA-1BAD-9A98-A44400000000}.Release|x64.Build.0 = Release|x64
		{1435AFD4-FECA-1BAD-9DAF-2CC300000000}.Debug|Win32.ActiveCfg = Debug|Win32
		{1435AFD4-FECA-1BAD-9DAF-2CC300000000}.Debug|Win32.Build.0 = Debug|Win32
		{1435AFD4-FECA-1BAD-9DAF-2CC300000000}.Debug|x64.ActiveCfg = Debug|x64
		{1435AFD4-FECA-1BAD-9DAF-2CC300000000}.Debug|x64.Build.0 = Debug|x64
		{1435AFD4-FECA-1BAD-9DAF-2CC300000000}.MFC Debug|Win32.ActiveCfg = MFC Debug|Win32
		{1435AFD4-FECA-1BAD-9DAF-2CC300000000}.MFC Debug|Win32.Build.0 = MFC Debug|Win32
		{1435AFD4-FECA-1BAD-9DAF-2CC300000000}.MFC Debug|x64.ActiveCfg = MFC Debug|x64
		{1435AFD4-FECA-1BAD-9DAF-2CC300000000}.MFC Debug|x64.Build.0 = MFC Debug|x64
		{1435AFD4-FECA-1BAD-9DAF-2CC300000000}.MFC Release|Win32.ActiveCfg = MFC Release|Win32
		{1435AFD4-FECA-1BAD-9DAF-2CC300000000}.MFC Release|Win32.Build.0 = MFC Release|Win32
		{1435AFD4-FECA-1BAD-9DAF-2CC300000000}.MFC Release|x64.ActiveCfg = MFC Release|x64
		{1435AFD4-FECA-1BAD-9DAF-2CC300000000}.MFC Release|x64.Build.0 = MFC Release|x64
		{1435AFD4-FECA-1BAD-9DAF-2CC300000000}.Release|Win32.ActiveCfg = Release|Win32
		{1435AFD4-FECA-1BAD-9DAF-2CC300000000}.Release|Win32.Build.0 = Release|Win32
		{1435AFD4-FECA-1BAD-9DAF-2CC300000000}.Release|x64.ActiveCfg = Release|x64
		{1435AFD4-FECA-1BAD-9DAF-2CC300000000}.Release|x64.Build.0 = Release|x64
		{17EBF06C-FECA-1BAD-A6A7-8D3C00000000}.Debug|Win32.ActiveCfg = Debug|Win32
		{17EBF06C-FECA-1BAD-A6A7-8D3C00000000}.Debug|Win32.Build.0 = Debug|Win32
		{17EBF06C-FECA-1BAD-A6A7-8D3C00000000}.Debug|x64.ActiveCfg = Debug|x64
		{17EBF06C-FECA-1BAD-A6A7-8D3C00000000}.Debug|x64.Build.0 = Debug|x64
		{17EBF06C-FECA-1BAD-A6A7-8D3C00000000}.MFC Debug|Win32.ActiveCfg = MFC Debug|Win32
		{17EBF06C-FECA-1BAD-A6A7-8D3C00000000}.MFC Debug|Win32.Build.0 = MFC Debug|Win32
		{17EBF06C-FECA-1BAD-A6A7-8D3C00000000}.MFC Debug|x64.ActiveCfg = MFC Debug|x64
		{17EBF06C-FECA-1BAD-A6A7-8D3C00000000}.MFC Debug|x64.Build.0 = MFC Debug|x64
		{17EBF06C-FECA-1BAD-A6A7-8D3C00000000}.MFC Release|Win32.ActiveCfg = MFC Release|Win32
		{17EBF06C-FECA-1BAD-A6A7-8D3C00000000}.MFC Release|Win32.Build.0 = MFC Release|Win32
		{17EBF06C-FECA-1BAD-A6A7-8D3C00000000}.MFC Release|x64.ActiveCfg = MFC Release|x64
		{17EBF06C-FECA-1BAD-A6A7-8D3C00000000}.MFC Release|x64.Build.0 = MFC Release|x64
		{17EBF06C-FECA-1BAD-A6A7-8D3C00000000}.Release|Win32.ActiveCfg = Release|Win32
		{17EBF06C-FECA-1BAD-A6A7-8D3C00000000}.Release|Win32.Build.0 = Release|Win32
		{17EBF06C-FECA-1BAD-A6A7-8D3C00000000}.Release|x64.ActiveCfg = Release|x64
		{17EBF06C-FECA-1BAD-A6A7-8D3C00000000}.Release|x64.Build.0 = Release|x64
	EndGlobalSection
	GlobalSection(SolutionProperties) = preSolution
		HideSolutionNode = FALSE
	EndGlobalSection
EndGlobal
