Microsoft Visual Studio Solution File, Format Version 8.00
#
# $Id$
#
# This file was generated by MPC.  Any changes made directly to
# this file will be lost the next time it is generated.
#
# MPC Command:
# /tao_builds/chad/ocitao/ACE_wrappers/build/linux/bin/mwc.pl -include config -type vc71
Project("{8BC9CEB8-8B4A-11D0-8D11-00A0C91BC942}") = "Code", "Code.vcproj", "{79047198-FECA-1BAD-5927-8A6761BC3B97}"
	ProjectSection(ProjectDependencies) = postProject
		{69047290-FECA-1BAD-6BA6-8A6661BC3B97} = {69047290-FECA-1BAD-6BA6-8A6661BC3B97}
		{69047198-FECA-1BAD-5526-8A6361BC3B97} = {69047198-FECA-1BAD-5526-8A6361BC3B97}
	EndProjectSection
EndProject
Project("{8BC9CEB8-8B4A-11D0-8D11-00A0C91BC942}") = "Factory", "Factory.vcproj", "{BD03769F-FECA-1BAD-285B-8A6761BC3B97}"
	ProjectSection(ProjectDependencies) = postProject
		{69047290-FECA-1BAD-6BA6-8A6661BC3B97} = {69047290-FECA-1BAD-6BA6-8A6661BC3B97}
		{69047198-FECA-1BAD-5526-8A6361BC3B97} = {69047198-FECA-1BAD-5526-8A6361BC3B97}
		{79047198-FECA-1BAD-5927-8A6761BC3B97} = {79047198-FECA-1BAD-5927-8A6761BC3B97}
	EndProjectSection
EndProject
Project("{8BC9CEB8-8B4A-11D0-8D11-00A0C91BC942}") = "ROOT", "ROOT.vcproj", "{69047290-FECA-1BAD-6BA6-8A6661BC3B97}"
	ProjectSection(ProjectDependencies) = postProject
	EndProjectSection
EndProject
Project("{8BC9CEB8-8B4A-11D0-8D11-00A0C91BC942}") = "Set", "Set.vcproj", "{69047198-FECA-1BAD-5526-8A6361BC3B97}"
	ProjectSection(ProjectDependencies) = postProject
		{69047290-FECA-1BAD-6BA6-8A6661BC3B97} = {69047290-FECA-1BAD-6BA6-8A6661BC3B97}
		{BD03769F-FECA-1BAD-285B-8A6761BC3B97} = {BD03769F-FECA-1BAD-285B-8A6761BC3B97}
	EndProjectSection
EndProject
Global
	GlobalSection(SolutionConfiguration) = preSolution
		Debug = Debug
		Release = Release
	EndGlobalSection
	GlobalSection(ProjectConfiguration) = postSolution
		{79047198-FECA-1BAD-5927-8A6761BC3B97}.Debug.ActiveCfg = Debug|Win32
		{79047198-FECA-1BAD-5927-8A6761BC3B97}.Debug.Build.0 = Debug|Win32
		{79047198-FECA-1BAD-5927-8A6761BC3B97}.Release.ActiveCfg = Release|Win32
		{79047198-FECA-1BAD-5927-8A6761BC3B97}.Release.Build.0 = Release|Win32
		{BD03769F-FECA-1BAD-285B-8A6761BC3B97}.Debug.ActiveCfg = Debug|Win32
		{BD03769F-FECA-1BAD-285B-8A6761BC3B97}.Debug.Build.0 = Debug|Win32
		{BD03769F-FECA-1BAD-285B-8A6761BC3B97}.Release.ActiveCfg = Release|Win32
		{BD03769F-FECA-1BAD-285B-8A6761BC3B97}.Release.Build.0 = Release|Win32
		{69047290-FECA-1BAD-6BA6-8A6661BC3B97}.Debug.ActiveCfg = Debug|Win32
		{69047290-FECA-1BAD-6BA6-8A6661BC3B97}.Debug.Build.0 = Debug|Win32
		{69047290-FECA-1BAD-6BA6-8A6661BC3B97}.Release.ActiveCfg = Release|Win32
		{69047290-FECA-1BAD-6BA6-8A6661BC3B97}.Release.Build.0 = Release|Win32
		{69047198-FECA-1BAD-5526-8A6361BC3B97}.Debug.ActiveCfg = Debug|Win32
		{69047198-FECA-1BAD-5526-8A6361BC3B97}.Debug.Build.0 = Debug|Win32
		{69047198-FECA-1BAD-5526-8A6361BC3B97}.Release.ActiveCfg = Release|Win32
		{69047198-FECA-1BAD-5526-8A6361BC3B97}.Release.Build.0 = Release|Win32
	EndGlobalSection
	GlobalSection(ExtensibilityGlobals) = postSolution
	EndGlobalSection
	GlobalSection(ExtensibilityAddIns) = postSolution
	EndGlobalSection
EndGlobal
