Microsoft Visual Studio Solution File, Format Version 8.00
#
# $Id: VC71WorkspaceCreator.pm 1159 2007-03-15 12:28:15Z elliott_c $
#
# This file was generated by MPC.  Any changes made directly to
# this file will be lost the next time it is generated.
#
# MPC Command:
# /tao_builds/chad/ocitao/ACE_wrappers/build/linux/bin/mwc.pl -include config -type vc71 conditional_specific_verbatim_wildcards.mwc
Project("{8BC9CEB8-8B4A-11D0-8D11-00A0C91BC942}") = "csvw_A", "source\csvw_A.vcproj", "{39007591-FECA-1BAD-4415-8A656075DE39}"
	ProjectSection(ProjectDependencies) = postProject
	EndProjectSection
EndProject
Project("{8BC9CEB8-8B4A-11D0-8D11-00A0C91BC942}") = "csvw_B", "source\csvw_B.vcproj", "{09007591-FECA-1BAD-4415-8A656075DE39}"
	ProjectSection(ProjectDependencies) = postProject
	EndProjectSection
EndProject
Project("{8BC9CEB8-8B4A-11D0-8D11-00A0C91BC942}") = "csvw_C", "source\csvw_C.vcproj", "{19007591-FECA-1BAD-4415-8A656075DE39}"
	ProjectSection(ProjectDependencies) = postProject
		{09007591-FECA-1BAD-4415-8A656075DE39} = {09007591-FECA-1BAD-4415-8A656075DE39}
	EndProjectSection
EndProject
Project("{8BC9CEB8-8B4A-11D0-8D11-00A0C91BC942}") = "csvw_D", "source\csvw_D.vcproj", "{69007591-FECA-1BAD-4415-8A656075DE39}"
	ProjectSection(ProjectDependencies) = postProject
		{19007591-FECA-1BAD-4415-8A656075DE39} = {19007591-FECA-1BAD-4415-8A656075DE39}
	EndProjectSection
EndProject
Project("{8BC9CEB8-8B4A-11D0-8D11-00A0C91BC942}") = "csvw_E", "source\csvw_E.vcproj", "{79007591-FECA-1BAD-4415-8A656075DE39}"
	ProjectSection(ProjectDependencies) = postProject
	EndProjectSection
EndProject
Global
	GlobalSection(SolutionConfiguration) = preSolution
		Debug = Debug
		Release = Release
	EndGlobalSection
	GlobalSection(ProjectConfiguration) = postSolution
		{39007591-FECA-1BAD-4415-8A656075DE39}.Debug.ActiveCfg = Debug|Win32
		{39007591-FECA-1BAD-4415-8A656075DE39}.Debug.Build.0 = Debug|Win32
		{39007591-FECA-1BAD-4415-8A656075DE39}.Release.ActiveCfg = Release|Win32
		{39007591-FECA-1BAD-4415-8A656075DE39}.Release.Build.0 = Release|Win32
		{09007591-FECA-1BAD-4415-8A656075DE39}.Debug.ActiveCfg = Debug|Win32
		{09007591-FECA-1BAD-4415-8A656075DE39}.Debug.Build.0 = Debug|Win32
		{09007591-FECA-1BAD-4415-8A656075DE39}.Release.ActiveCfg = Release|Win32
		{09007591-FECA-1BAD-4415-8A656075DE39}.Release.Build.0 = Release|Win32
		{19007591-FECA-1BAD-4415-8A656075DE39}.Debug.ActiveCfg = Debug|Win32
		{19007591-FECA-1BAD-4415-8A656075DE39}.Debug.Build.0 = Debug|Win32
		{19007591-FECA-1BAD-4415-8A656075DE39}.Release.ActiveCfg = Release|Win32
		{19007591-FECA-1BAD-4415-8A656075DE39}.Release.Build.0 = Release|Win32
		{69007591-FECA-1BAD-4415-8A656075DE39}.Debug.ActiveCfg = Debug|Win32
		{69007591-FECA-1BAD-4415-8A656075DE39}.Debug.Build.0 = Debug|Win32
		{69007591-FECA-1BAD-4415-8A656075DE39}.Release.ActiveCfg = Release|Win32
		{69007591-FECA-1BAD-4415-8A656075DE39}.Release.Build.0 = Release|Win32
		{79007591-FECA-1BAD-4415-8A656075DE39}.Debug.ActiveCfg = Debug|Win32
		{79007591-FECA-1BAD-4415-8A656075DE39}.Debug.Build.0 = Debug|Win32
		{79007591-FECA-1BAD-4415-8A656075DE39}.Release.ActiveCfg = Release|Win32
		{79007591-FECA-1BAD-4415-8A656075DE39}.Release.Build.0 = Release|Win32
	EndGlobalSection
	GlobalSection(ExtensibilityGlobals) = postSolution
	EndGlobalSection
	GlobalSection(ExtensibilityAddIns) = postSolution
	EndGlobalSection
EndGlobal
