Microsoft Visual Studio Solution File, Format Version 8.00
#
# $Id$
#
# This file was generated by MPC.  Any changes made directly to
# this file will be lost the next time it is generated.
#
# MPC Command:
# /tao_builds/chad/ocitao/ACE_wrappers/build/linux/bin/mwc.pl -include config -type vc71 -type html -ti dll_exe:fooson
Project("{8BC9CEB8-8B4A-11D0-8D11-00A0C91BC942}") = "template_input", "template_input.vcproj", "{0B7FB782-FECA-1BAD-0000-0000D2C04618}"
	ProjectSection(ProjectDependencies) = postProject
	EndProjectSection
EndProject
Global
	GlobalSection(SolutionConfiguration) = preSolution
		Debug = Debug
	EndGlobalSection
	GlobalSection(ProjectConfiguration) = postSolution
		{0B7FB782-FECA-1BAD-0000-0000D2C04618}.Debug.ActiveCfg = Debug|Win32
		{0B7FB782-FECA-1BAD-0000-0000D2C04618}.Debug.Build.0 = Debug|Win32
	EndGlobalSection
	GlobalSection(ExtensibilityGlobals) = postSolution
	EndGlobalSection
	GlobalSection(ExtensibilityAddIns) = postSolution
	EndGlobalSection
EndGlobal
