Microsoft Visual Studio Solution File, Format Version 7.00
#
# $Id$
#
# This file was generated by MPC.  Any changes made directly to
# this file will be lost the next time it is generated.
#
# MPC Command:
# /tao_builds/chad/ocitao/ACE_wrappers/build/linux/bin/mwc.pl -include config -type vc7
Project("{8BC9CEB8-8B4A-11D0-8D11-00A0C91BC942}") = "Code", "Code.vcproj", "{79043108-FECA-1BAD-5927-8A67134E6AC7}"
EndProject
Project("{8BC9CEB8-8B4A-11D0-8D11-00A0C91BC942}") = "Factory", "Factory.vcproj", "{BD03361F-FECA-1BAD-285B-CA17134E6AC7}"
EndProject
Project("{8BC9CEB8-8B4A-11D0-8D11-00A0C91BC942}") = "ROOT", "ROOT.vcproj", "{69042220-FECA-1BAD-6BA6-8A66134E6AC7}"
EndProject
Project("{8BC9CEB8-8B4A-11D0-8D11-00A0C91BC942}") = "Set", "Set.vcproj", "{690471C8-FECA-1BAD-5526-8A63134E6AC7}"
EndProject
Global
	GlobalSection(SolutionConfiguration) = preSolution
		ConfigName.0 = Debug
		ConfigName.1 = Release
	EndGlobalSection
	GlobalSection(ProjectDependencies) = postSolution
		{79043108-FECA-1BAD-5927-8A67134E6AC7}.0 = {69042220-FECA-1BAD-6BA6-8A66134E6AC7}
		{79043108-FECA-1BAD-5927-8A67134E6AC7}.1 = {690471C8-FECA-1BAD-5526-8A63134E6AC7}
		{BD03361F-FECA-1BAD-285B-CA17134E6AC7}.0 = {69042220-FECA-1BAD-6BA6-8A66134E6AC7}
		{BD03361F-FECA-1BAD-285B-CA17134E6AC7}.1 = {690471C8-FECA-1BAD-5526-8A63134E6AC7}
		{BD03361F-FECA-1BAD-285B-CA17134E6AC7}.2 = {79043108-FECA-1BAD-5927-8A67134E6AC7}
		{690471C8-FECA-1BAD-5526-8A63134E6AC7}.0 = {69042220-FECA-1BAD-6BA6-8A66134E6AC7}
		{690471C8-FECA-1BAD-5526-8A63134E6AC7}.1 = {BD03361F-FECA-1BAD-285B-CA17134E6AC7}
	EndGlobalSection
	GlobalSection(ProjectConfiguration) = postSolution
		{79043108-FECA-1BAD-5927-8A67134E6AC7}.Debug.ActiveCfg = Debug|Win32
		{79043108-FECA-1BAD-5927-8A67134E6AC7}.Debug.Build.0 = Debug|Win32
		{79043108-FECA-1BAD-5927-8A67134E6AC7}.Release.ActiveCfg = Release|Win32
		{79043108-FECA-1BAD-5927-8A67134E6AC7}.Release.Build.0 = Release|Win32
		{BD03361F-FECA-1BAD-285B-CA17134E6AC7}.Debug.ActiveCfg = Debug|Win32
		{BD03361F-FECA-1BAD-285B-CA17134E6AC7}.Debug.Build.0 = Debug|Win32
		{BD03361F-FECA-1BAD-285B-CA17134E6AC7}.Release.ActiveCfg = Release|Win32
		{BD03361F-FECA-1BAD-285B-CA17134E6AC7}.Release.Build.0 = Release|Win32
		{69042220-FECA-1BAD-6BA6-8A66134E6AC7}.Debug.ActiveCfg = Debug|Win32
		{69042220-FECA-1BAD-6BA6-8A66134E6AC7}.Debug.Build.0 = Debug|Win32
		{69042220-FECA-1BAD-6BA6-8A66134E6AC7}.Release.ActiveCfg = Release|Win32
		{69042220-FECA-1BAD-6BA6-8A66134E6AC7}.Release.Build.0 = Release|Win32
		{690471C8-FECA-1BAD-5526-8A63134E6AC7}.Debug.ActiveCfg = Debug|Win32
		{690471C8-FECA-1BAD-5526-8A63134E6AC7}.Debug.Build.0 = Debug|Win32
		{690471C8-FECA-1BAD-5526-8A63134E6AC7}.Release.ActiveCfg = Release|Win32
		{690471C8-FECA-1BAD-5526-8A63134E6AC7}.Release.Build.0 = Release|Win32
	EndGlobalSection
	GlobalSection(ExtensibilityGlobals) = postSolution
	EndGlobalSection
	GlobalSection(ExtensibilityAddIns) = postSolution
	EndGlobalSection
EndGlobal
