Microsoft Visual Studio Solution File, Format Version 8.00
#
# $Id$
#
# This file was generated by MPC.  Any changes made directly to
# this file will be lost the next time it is generated.
#
# MPC Command:
# /tao_builds/chad/ocitao/ACE_wrappers/build/linux/bin/mwc.pl -include config -type vc71 features_custom_only.mwc
Project("{8BC9CEB8-8B4A-11D0-8D11-00A0C91BC942}") = "fco", "source\fco.vcproj", "{D904729F-FECA-1BAD-605D-8A630726A1C2}"
	ProjectSection(ProjectDependencies) = postProject
	EndProjectSection
EndProject
Project("{8BC9CEB8-8B4A-11D0-8D11-00A0C91BC942}") = "fco_use", "source\fco_use.vcproj", "{7F017C9F-FECA-1BAD-605D-8A630726A1C2}"
	ProjectSection(ProjectDependencies) = postProject
		{D904729F-FECA-1BAD-605D-8A630726A1C2} = {D904729F-FECA-1BAD-605D-8A630726A1C2}
	EndProjectSection
EndProject
Project("{8BC9CEB8-8B4A-11D0-8D11-00A0C91BC942}") = "other", "source\other.vcproj", "{09027698-FECA-1BAD-2E20-8A6B0726A1C2}"
	ProjectSection(ProjectDependencies) = postProject
	EndProjectSection
EndProject
Global
	GlobalSection(SolutionConfiguration) = preSolution
		Debug = Debug
		Release = Release
	EndGlobalSection
	GlobalSection(ProjectConfiguration) = postSolution
		{D904729F-FECA-1BAD-605D-8A630726A1C2}.Debug.ActiveCfg = Debug|Win32
		{D904729F-FECA-1BAD-605D-8A630726A1C2}.Debug.Build.0 = Debug|Win32
		{D904729F-FECA-1BAD-605D-8A630726A1C2}.Release.ActiveCfg = Release|Win32
		{D904729F-FECA-1BAD-605D-8A630726A1C2}.Release.Build.0 = Release|Win32
		{7F017C9F-FECA-1BAD-605D-8A630726A1C2}.Debug.ActiveCfg = Debug|Win32
		{7F017C9F-FECA-1BAD-605D-8A630726A1C2}.Debug.Build.0 = Debug|Win32
		{7F017C9F-FECA-1BAD-605D-8A630726A1C2}.Release.ActiveCfg = Release|Win32
		{7F017C9F-FECA-1BAD-605D-8A630726A1C2}.Release.Build.0 = Release|Win32
		{09027698-FECA-1BAD-2E20-8A6B0726A1C2}.Debug.ActiveCfg = Debug|Win32
		{09027698-FECA-1BAD-2E20-8A6B0726A1C2}.Debug.Build.0 = Debug|Win32
		{09027698-FECA-1BAD-2E20-8A6B0726A1C2}.Release.ActiveCfg = Release|Win32
		{09027698-FECA-1BAD-2E20-8A6B0726A1C2}.Release.Build.0 = Release|Win32
	EndGlobalSection
	GlobalSection(ExtensibilityGlobals) = postSolution
	EndGlobalSection
	GlobalSection(ExtensibilityAddIns) = postSolution
	EndGlobalSection
EndGlobal
