Microsoft Visual Studio Solution File, Format Version 7.00
#
# $Id: VC7WorkspaceCreator.pm,v 1.18 2005/05/16 16:41:30 elliott_c Exp $
#
# This file was generated by MPC.  Any changes made directly to
# this file will be lost the next time it is generated.
#
# MPC Command:
# /tao_builds/chad/ocitao/ACE_wrappers/build/linux/bin/mwc.pl -include /home/elliottc/current/MPC/config -include /home/elliottc/current/MPC/templates -include config -type vc7 -base different -features fake=1 -genins -hierarchy -make_coexistence -name_modifier *_Zargaflan -apply_project -relative TEST_ROOT=/home/elliottc/current/MPC/test/tests/options -static -value_project postbuild+=echo Hello There -value_template targetoutdir=zeep/
Project("{8BC9CEB8-8B4A-11D0-8D11-00A0C91BC942}") = "basic_Zargaflan", "source\basic_Zargaflan.vcproj", "{CF4524FD-FECA-1BAD-65F1-8A67D6B17186}"
EndProject
Global
	GlobalSection(SolutionConfiguration) = preSolution
		ConfigName.0 = Debug
		ConfigName.1 = Release
	EndGlobalSection
	GlobalSection(ProjectDependencies) = postSolution
	EndGlobalSection
	GlobalSection(ProjectConfiguration) = postSolution
		{CF4524FD-FECA-1BAD-65F1-8A67D6B17186}.Debug.ActiveCfg = Debug|Win32
		{CF4524FD-FECA-1BAD-65F1-8A67D6B17186}.Debug.Build.0 = Debug|Win32
		{CF4524FD-FECA-1BAD-65F1-8A67D6B17186}.Release.ActiveCfg = Release|Win32
		{CF4524FD-FECA-1BAD-65F1-8A67D6B17186}.Release.Build.0 = Release|Win32
	EndGlobalSection
	GlobalSection(ExtensibilityGlobals) = postSolution
	EndGlobalSection
	GlobalSection(ExtensibilityAddIns) = postSolution
	EndGlobalSection
EndGlobal
